
Microsoft Visual Studio Solution File, Format Version 12.00
# Visual Studio Version 17
VisualStudioVersion = 17.7.34031.279
MinimumVisualStudioVersion = 10.0.40219.1
Project("{8BC9CEB8-8B4A-11D0-8D11-00A0C91BC942}") = "PhanChiaBaiTap", "PhanChiaBaiTap\PhanChiaBaiTap.vcxproj", "{C1D214D0-0F15-4188-858C-2095FD53B081}"
EndProject
Project("{8BC9CEB8-8B4A-11D0-8D11-00A0C91BC942}") = "Bai005", "Bai005\Bai005.vcxproj", "{324D1390-0036-4AD6-B8F6-05E0233A5BC5}"
EndProject
Project("{8BC9CEB8-8B4A-11D0-8D11-00A0C91BC942}") = "Bai011", "Bai011\Bai011.vcxproj", "{4CB12A92-2376-4720-A7E6-147F0D2200F9}"
EndProject
Project("{8BC9CEB8-8B4A-11D0-8D11-00A0C91BC942}") = "Bai017", "Bai017\Bai017.vcxproj", "{3142A502-4B44-4A4B-BD8E-00D4ECDAC822}"
EndProject
Project("{8BC9CEB8-8B4A-11D0-8D11-00A0C91BC942}") = "Bai023", "Bai023\Bai023.vcxproj", "{F726D258-52BA-4F71-8E5F-32D1BDE7D755}"
EndProject
Project("{8BC9CEB8-8B4A-11D0-8D11-00A0C91BC942}") = "Bai029", "Bai029\Bai029.vcxproj", "{8C66C5F5-EC23-4869-B231-E5578DE50FFD}"
EndProject
Project("{8BC9CEB8-8B4A-11D0-8D11-00A0C91BC942}") = "Bai035", "Bai035\Bai035.vcxproj", "{2E4125C5-D9EE-48CF-BAEB-4135F8136F09}"
EndProject
Project("{8BC9CEB8-8B4A-11D0-8D11-00A0C91BC942}") = "Bai041", "Bai041\Bai041.vcxproj", "{7798255F-0738-46A9-AC06-A3A02099C881}"
EndProject
Project("{8BC9CEB8-8B4A-11D0-8D11-00A0C91BC942}") = "Bai047", "Bai047\Bai047.vcxproj", "{78F43824-3E3F-48DD-AA54-C3BE2C666736}"
EndProject
Project("{8BC9CEB8-8B4A-11D0-8D11-00A0C91BC942}") = "Bai053", "Bai053\Bai053.vcxproj", "{4DC0E300-81BA-4142-950B-E04FABF4B774}"
EndProject
Project("{8BC9CEB8-8B4A-11D0-8D11-00A0C91BC942}") = "Bai059", "Bai059\Bai059.vcxproj", "{92E6D8FB-3758-4282-87E2-9ABB4AE0C9E4}"
EndProject
Project("{8BC9CEB8-8B4A-11D0-8D11-00A0C91BC942}") = "Bai065", "Bai065\Bai065.vcxproj", "{2ED10437-1066-4A8D-A40F-B5C1315DFE77}"
EndProject
Project("{8BC9CEB8-8B4A-11D0-8D11-00A0C91BC942}") = "Bai071", "Bai071\Bai071.vcxproj", "{BEC845AD-824F-4C56-98DE-4599E2A46FD5}"
EndProject
Project("{8BC9CEB8-8B4A-11D0-8D11-00A0C91BC942}") = "Bai077", "Bai077\Bai077.vcxproj", "{F5737510-B030-458F-9D13-BEE30BC5C4A1}"
EndProject
Project("{8BC9CEB8-8B4A-11D0-8D11-00A0C91BC942}") = "Bai083", "Bai083\Bai083.vcxproj", "{B4796F86-4F57-4481-A784-442D8FBCA9B9}"
EndProject
Project("{8BC9CEB8-8B4A-11D0-8D11-00A0C91BC942}") = "Bai089", "Bai089\Bai089.vcxproj", "{C7C6B49E-078D-4076-B20F-FAE58C31F55C}"
EndProject
Project("{8BC9CEB8-8B4A-11D0-8D11-00A0C91BC942}") = "Bai095", "Bai095\Bai095.vcxproj", "{C266529A-87F3-4D23-B37C-B02A7C69266C}"
EndProject
Project("{8BC9CEB8-8B4A-11D0-8D11-00A0C91BC942}") = "Bai101", "Bai101\Bai101.vcxproj", "{D07C0C08-CD09-463D-BD7F-2B7B460F2E38}"
EndProject
Project("{8BC9CEB8-8B4A-11D0-8D11-00A0C91BC942}") = "Bai107", "Bai107\Bai107.vcxproj", "{D43464AE-3D94-46FE-8B2F-28E77E9550CF}"
EndProject
Project("{8BC9CEB8-8B4A-11D0-8D11-00A0C91BC942}") = "Bai113", "Bai113\Bai113.vcxproj", "{F093E9CE-DB8A-4771-AAA5-B179DD9DE38B}"
EndProject
Project("{8BC9CEB8-8B4A-11D0-8D11-00A0C91BC942}") = "Bai119", "Bai119\Bai119.vcxproj", "{DC9C9CCD-6A54-48A3-A740-C027FE855F4C}"
EndProject
Project("{8BC9CEB8-8B4A-11D0-8D11-00A0C91BC942}") = "Bai125", "Bai125\Bai125.vcxproj", "{B8D139B0-7D4C-4518-873C-A6D50407AEB5}"
EndProject
Project("{8BC9CEB8-8B4A-11D0-8D11-00A0C91BC942}") = "Bai131", "Bai131\Bai131.vcxproj", "{6738B781-CD7D-4BE8-A4D6-F65D068D35EA}"
EndProject
Project("{8BC9CEB8-8B4A-11D0-8D11-00A0C91BC942}") = "Bai137", "Bai137\Bai137.vcxproj", "{D788A85D-061E-4021-A2BA-7C6239FE89BF}"
EndProject
Project("{8BC9CEB8-8B4A-11D0-8D11-00A0C91BC942}") = "Bai143", "Bai143\Bai143.vcxproj", "{C2543209-2F34-4E8B-8488-80661E21AE4A}"
EndProject
Project("{8BC9CEB8-8B4A-11D0-8D11-00A0C91BC942}") = "Bai149", "Bai149\Bai149.vcxproj", "{8E3C178A-5494-465D-AE2C-1702E41E04B0}"
EndProject
Project("{8BC9CEB8-8B4A-11D0-8D11-00A0C91BC942}") = "Bai155", "Bai155\Bai155.vcxproj", "{34E3A176-186D-4BB0-8127-C805BFDB77EA}"
EndProject
Project("{8BC9CEB8-8B4A-11D0-8D11-00A0C91BC942}") = "Bai161", "Bai161\Bai161.vcxproj", "{8E031467-997B-4B42-862A-205275D136D7}"
EndProject
Project("{8BC9CEB8-8B4A-11D0-8D11-00A0C91BC942}") = "Bai167", "Bai167\Bai167.vcxproj", "{3BA17E31-F175-4EF0-BDE0-B0AC04DB6374}"
EndProject
Project("{8BC9CEB8-8B4A-11D0-8D11-00A0C91BC942}") = "Bai173", "Bai173\Bai173.vcxproj", "{D95CC314-C02C-4225-A69F-53BCA474B714}"
EndProject
Project("{8BC9CEB8-8B4A-11D0-8D11-00A0C91BC942}") = "Bai179", "Bai179\Bai179.vcxproj", "{A42FAB43-BD64-4BF2-81E9-3DB9BA78D5EC}"
EndProject
Project("{8BC9CEB8-8B4A-11D0-8D11-00A0C91BC942}") = "Bai185", "Bai185\Bai185.vcxproj", "{51E05FC6-AD4D-4CD5-8291-9FA4BCDC7EA3}"
EndProject
Project("{8BC9CEB8-8B4A-11D0-8D11-00A0C91BC942}") = "Bai191", "Bai191\Bai191.vcxproj", "{B60CC0ED-73CE-4E8E-83FC-F04E524BDE5E}"
EndProject
Project("{8BC9CEB8-8B4A-11D0-8D11-00A0C91BC942}") = "Bai197", "Bai197\Bai197.vcxproj", "{D3581973-0E06-44E1-9429-45CA86B79FE6}"
EndProject
Project("{8BC9CEB8-8B4A-11D0-8D11-00A0C91BC942}") = "Bai203", "Bai203\Bai203.vcxproj", "{B026F732-AECC-44FD-87A2-176F2879F4C7}"
EndProject
Project("{8BC9CEB8-8B4A-11D0-8D11-00A0C91BC942}") = "Bai209", "Bai209\Bai209.vcxproj", "{B1FC10EA-5700-49FE-A8A7-E08D4D62655B}"
EndProject
Project("{8BC9CEB8-8B4A-11D0-8D11-00A0C91BC942}") = "Bai215", "Bai215\Bai215.vcxproj", "{BAD62D07-8C5E-4EF2-9334-8A9CC7E64698}"
EndProject
Project("{8BC9CEB8-8B4A-11D0-8D11-00A0C91BC942}") = "Bai221", "Bai221\Bai221.vcxproj", "{AAACB740-A4BB-41B9-89F0-E8DA05E44D3B}"
EndProject
Project("{8BC9CEB8-8B4A-11D0-8D11-00A0C91BC942}") = "Bai227", "Bai227\Bai227.vcxproj", "{B083F21D-4C35-4168-863A-AA6269CE5843}"
EndProject
Project("{8BC9CEB8-8B4A-11D0-8D11-00A0C91BC942}") = "Bai233", "Bai233\Bai233.vcxproj", "{AB855B92-4325-4489-9BF4-F636EC60AF1E}"
EndProject
Project("{8BC9CEB8-8B4A-11D0-8D11-00A0C91BC942}") = "Bai239", "Bai239\Bai239.vcxproj", "{22F858EB-1068-433C-B35C-63C217E0AED8}"
EndProject
Global
	GlobalSection(SolutionConfigurationPlatforms) = preSolution
		Debug|x64 = Debug|x64
		Debug|x86 = Debug|x86
		Release|x64 = Release|x64
		Release|x86 = Release|x86
	EndGlobalSection
	GlobalSection(ProjectConfigurationPlatforms) = postSolution
		{C1D214D0-0F15-4188-858C-2095FD53B081}.Debug|x64.ActiveCfg = Debug|x64
		{C1D214D0-0F15-4188-858C-2095FD53B081}.Debug|x64.Build.0 = Debug|x64
		{C1D214D0-0F15-4188-858C-2095FD53B081}.Debug|x86.ActiveCfg = Debug|Win32
		{C1D214D0-0F15-4188-858C-2095FD53B081}.Debug|x86.Build.0 = Debug|Win32
		{C1D214D0-0F15-4188-858C-2095FD53B081}.Release|x64.ActiveCfg = Release|x64
		{C1D214D0-0F15-4188-858C-2095FD53B081}.Release|x64.Build.0 = Release|x64
		{C1D214D0-0F15-4188-858C-2095FD53B081}.Release|x86.ActiveCfg = Release|Win32
		{C1D214D0-0F15-4188-858C-2095FD53B081}.Release|x86.Build.0 = Release|Win32
		{324D1390-0036-4AD6-B8F6-05E0233A5BC5}.Debug|x64.ActiveCfg = Debug|x64
		{324D1390-0036-4AD6-B8F6-05E0233A5BC5}.Debug|x64.Build.0 = Debug|x64
		{324D1390-0036-4AD6-B8F6-05E0233A5BC5}.Debug|x86.ActiveCfg = Debug|Win32
		{324D1390-0036-4AD6-B8F6-05E0233A5BC5}.Debug|x86.Build.0 = Debug|Win32
		{324D1390-0036-4AD6-B8F6-05E0233A5BC5}.Release|x64.ActiveCfg = Release|x64
		{324D1390-0036-4AD6-B8F6-05E0233A5BC5}.Release|x64.Build.0 = Release|x64
		{324D1390-0036-4AD6-B8F6-05E0233A5BC5}.Release|x86.ActiveCfg = Release|Win32
		{324D1390-0036-4AD6-B8F6-05E0233A5BC5}.Release|x86.Build.0 = Release|Win32
		{4CB12A92-2376-4720-A7E6-147F0D2200F9}.Debug|x64.ActiveCfg = Debug|x64
		{4CB12A92-2376-4720-A7E6-147F0D2200F9}.Debug|x64.Build.0 = Debug|x64
		{4CB12A92-2376-4720-A7E6-147F0D2200F9}.Debug|x86.ActiveCfg = Debug|Win32
		{4CB12A92-2376-4720-A7E6-147F0D2200F9}.Debug|x86.Build.0 = Debug|Win32
		{4CB12A92-2376-4720-A7E6-147F0D2200F9}.Release|x64.ActiveCfg = Release|x64
		{4CB12A92-2376-4720-A7E6-147F0D2200F9}.Release|x64.Build.0 = Release|x64
		{4CB12A92-2376-4720-A7E6-147F0D2200F9}.Release|x86.ActiveCfg = Release|Win32
		{4CB12A92-2376-4720-A7E6-147F0D2200F9}.Release|x86.Build.0 = Release|Win32
		{3142A502-4B44-4A4B-BD8E-00D4ECDAC822}.Debug|x64.ActiveCfg = Debug|x64
		{3142A502-4B44-4A4B-BD8E-00D4ECDAC822}.Debug|x64.Build.0 = Debug|x64
		{3142A502-4B44-4A4B-BD8E-00D4ECDAC822}.Debug|x86.ActiveCfg = Debug|Win32
		{3142A502-4B44-4A4B-BD8E-00D4ECDAC822}.Debug|x86.Build.0 = Debug|Win32
		{3142A502-4B44-4A4B-BD8E-00D4ECDAC822}.Release|x64.ActiveCfg = Release|x64
		{3142A502-4B44-4A4B-BD8E-00D4ECDAC822}.Release|x64.Build.0 = Release|x64
		{3142A502-4B44-4A4B-BD8E-00D4ECDAC822}.Release|x86.ActiveCfg = Release|Win32
		{3142A502-4B44-4A4B-BD8E-00D4ECDAC822}.Release|x86.Build.0 = Release|Win32
		{F726D258-52BA-4F71-8E5F-32D1BDE7D755}.Debug|x64.ActiveCfg = Debug|x64
		{F726D258-52BA-4F71-8E5F-32D1BDE7D755}.Debug|x64.Build.0 = Debug|x64
		{F726D258-52BA-4F71-8E5F-32D1BDE7D755}.Debug|x86.ActiveCfg = Debug|Win32
		{F726D258-52BA-4F71-8E5F-32D1BDE7D755}.Debug|x86.Build.0 = Debug|Win32
		{F726D258-52BA-4F71-8E5F-32D1BDE7D755}.Release|x64.ActiveCfg = Release|x64
		{F726D258-52BA-4F71-8E5F-32D1BDE7D755}.Release|x64.Build.0 = Release|x64
		{F726D258-52BA-4F71-8E5F-32D1BDE7D755}.Release|x86.ActiveCfg = Release|Win32
		{F726D258-52BA-4F71-8E5F-32D1BDE7D755}.Release|x86.Build.0 = Release|Win32
		{8C66C5F5-EC23-4869-B231-E5578DE50FFD}.Debug|x64.ActiveCfg = Debug|x64
		{8C66C5F5-EC23-4869-B231-E5578DE50FFD}.Debug|x64.Build.0 = Debug|x64
		{8C66C5F5-EC23-4869-B231-E5578DE50FFD}.Debug|x86.ActiveCfg = Debug|Win32
		{8C66C5F5-EC23-4869-B231-E5578DE50FFD}.Debug|x86.Build.0 = Debug|Win32
		{8C66C5F5-EC23-4869-B231-E5578DE50FFD}.Release|x64.ActiveCfg = Release|x64
		{8C66C5F5-EC23-4869-B231-E5578DE50FFD}.Release|x64.Build.0 = Release|x64
		{8C66C5F5-EC23-4869-B231-E5578DE50FFD}.Release|x86.ActiveCfg = Release|Win32
		{8C66C5F5-EC23-4869-B231-E5578DE50FFD}.Release|x86.Build.0 = Release|Win32
		{2E4125C5-D9EE-48CF-BAEB-4135F8136F09}.Debug|x64.ActiveCfg = Debug|x64
		{2E4125C5-D9EE-48CF-BAEB-4135F8136F09}.Debug|x64.Build.0 = Debug|x64
		{2E4125C5-D9EE-48CF-BAEB-4135F8136F09}.Debug|x86.ActiveCfg = Debug|Win32
		{2E4125C5-D9EE-48CF-BAEB-4135F8136F09}.Debug|x86.Build.0 = Debug|Win32
		{2E4125C5-D9EE-48CF-BAEB-4135F8136F09}.Release|x64.ActiveCfg = Release|x64
		{2E4125C5-D9EE-48CF-BAEB-4135F8136F09}.Release|x64.Build.0 = Release|x64
		{2E4125C5-D9EE-48CF-BAEB-4135F8136F09}.Release|x86.ActiveCfg = Release|Win32
		{2E4125C5-D9EE-48CF-BAEB-4135F8136F09}.Release|x86.Build.0 = Release|Win32
		{7798255F-0738-46A9-AC06-A3A02099C881}.Debug|x64.ActiveCfg = Debug|x64
		{7798255F-0738-46A9-AC06-A3A02099C881}.Debug|x64.Build.0 = Debug|x64
		{7798255F-0738-46A9-AC06-A3A02099C881}.Debug|x86.ActiveCfg = Debug|Win32
		{7798255F-0738-46A9-AC06-A3A02099C881}.Debug|x86.Build.0 = Debug|Win32
		{7798255F-0738-46A9-AC06-A3A02099C881}.Release|x64.ActiveCfg = Release|x64
		{7798255F-0738-46A9-AC06-A3A02099C881}.Release|x64.Build.0 = Release|x64
		{7798255F-0738-46A9-AC06-A3A02099C881}.Release|x86.ActiveCfg = Release|Win32
		{7798255F-0738-46A9-AC06-A3A02099C881}.Release|x86.Build.0 = Release|Win32
		{78F43824-3E3F-48DD-AA54-C3BE2C666736}.Debug|x64.ActiveCfg = Debug|x64
		{78F43824-3E3F-48DD-AA54-C3BE2C666736}.Debug|x64.Build.0 = Debug|x64
		{78F43824-3E3F-48DD-AA54-C3BE2C666736}.Debug|x86.ActiveCfg = Debug|Win32
		{78F43824-3E3F-48DD-AA54-C3BE2C666736}.Debug|x86.Build.0 = Debug|Win32
		{78F43824-3E3F-48DD-AA54-C3BE2C666736}.Release|x64.ActiveCfg = Release|x64
		{78F43824-3E3F-48DD-AA54-C3BE2C666736}.Release|x64.Build.0 = Release|x64
		{78F43824-3E3F-48DD-AA54-C3BE2C666736}.Release|x86.ActiveCfg = Release|Win32
		{78F43824-3E3F-48DD-AA54-C3BE2C666736}.Release|x86.Build.0 = Release|Win32
		{4DC0E300-81BA-4142-950B-E04FABF4B774}.Debug|x64.ActiveCfg = Debug|x64
		{4DC0E300-81BA-4142-950B-E04FABF4B774}.Debug|x64.Build.0 = Debug|x64
		{4DC0E300-81BA-4142-950B-E04FABF4B774}.Debug|x86.ActiveCfg = Debug|Win32
		{4DC0E300-81BA-4142-950B-E04FABF4B774}.Debug|x86.Build.0 = Debug|Win32
		{4DC0E300-81BA-4142-950B-E04FABF4B774}.Release|x64.ActiveCfg = Release|x64
		{4DC0E300-81BA-4142-950B-E04FABF4B774}.Release|x64.Build.0 = Release|x64
		{4DC0E300-81BA-4142-950B-E04FABF4B774}.Release|x86.ActiveCfg = Release|Win32
		{4DC0E300-81BA-4142-950B-E04FABF4B774}.Release|x86.Build.0 = Release|Win32
		{92E6D8FB-3758-4282-87E2-9ABB4AE0C9E4}.Debug|x64.ActiveCfg = Debug|x64
		{92E6D8FB-3758-4282-87E2-9ABB4AE0C9E4}.Debug|x64.Build.0 = Debug|x64
		{92E6D8FB-3758-4282-87E2-9ABB4AE0C9E4}.Debug|x86.ActiveCfg = Debug|Win32
		{92E6D8FB-3758-4282-87E2-9ABB4AE0C9E4}.Debug|x86.Build.0 = Debug|Win32
		{92E6D8FB-3758-4282-87E2-9ABB4AE0C9E4}.Release|x64.ActiveCfg = Release|x64
		{92E6D8FB-3758-4282-87E2-9ABB4AE0C9E4}.Release|x64.Build.0 = Release|x64
		{92E6D8FB-3758-4282-87E2-9ABB4AE0C9E4}.Release|x86.ActiveCfg = Release|Win32
		{92E6D8FB-3758-4282-87E2-9ABB4AE0C9E4}.Release|x86.Build.0 = Release|Win32
		{2ED10437-1066-4A8D-A40F-B5C1315DFE77}.Debug|x64.ActiveCfg = Debug|x64
		{2ED10437-1066-4A8D-A40F-B5C1315DFE77}.Debug|x64.Build.0 = Debug|x64
		{2ED10437-1066-4A8D-A40F-B5C1315DFE77}.Debug|x86.ActiveCfg = Debug|Win32
		{2ED10437-1066-4A8D-A40F-B5C1315DFE77}.Debug|x86.Build.0 = Debug|Win32
		{2ED10437-1066-4A8D-A40F-B5C1315DFE77}.Release|x64.ActiveCfg = Release|x64
		{2ED10437-1066-4A8D-A40F-B5C1315DFE77}.Release|x64.Build.0 = Release|x64
		{2ED10437-1066-4A8D-A40F-B5C1315DFE77}.Release|x86.ActiveCfg = Release|Win32
		{2ED10437-1066-4A8D-A40F-B5C1315DFE77}.Release|x86.Build.0 = Release|Win32
		{BEC845AD-824F-4C56-98DE-4599E2A46FD5}.Debug|x64.ActiveCfg = Debug|x64
		{BEC845AD-824F-4C56-98DE-4599E2A46FD5}.Debug|x64.Build.0 = Debug|x64
		{BEC845AD-824F-4C56-98DE-4599E2A46FD5}.Debug|x86.ActiveCfg = Debug|Win32
		{BEC845AD-824F-4C56-98DE-4599E2A46FD5}.Debug|x86.Build.0 = Debug|Win32
		{BEC845AD-824F-4C56-98DE-4599E2A46FD5}.Release|x64.ActiveCfg = Release|x64
		{BEC845AD-824F-4C56-98DE-4599E2A46FD5}.Release|x64.Build.0 = Release|x64
		{BEC845AD-824F-4C56-98DE-4599E2A46FD5}.Release|x86.ActiveCfg = Release|Win32
		{BEC845AD-824F-4C56-98DE-4599E2A46FD5}.Release|x86.Build.0 = Release|Win32
		{F5737510-B030-458F-9D13-BEE30BC5C4A1}.Debug|x64.ActiveCfg = Debug|x64
		{F5737510-B030-458F-9D13-BEE30BC5C4A1}.Debug|x64.Build.0 = Debug|x64
		{F5737510-B030-458F-9D13-BEE30BC5C4A1}.Debug|x86.ActiveCfg = Debug|Win32
		{F5737510-B030-458F-9D13-BEE30BC5C4A1}.Debug|x86.Build.0 = Debug|Win32
		{F5737510-B030-458F-9D13-BEE30BC5C4A1}.Release|x64.ActiveCfg = Release|x64
		{F5737510-B030-458F-9D13-BEE30BC5C4A1}.Release|x64.Build.0 = Release|x64
		{F5737510-B030-458F-9D13-BEE30BC5C4A1}.Release|x86.ActiveCfg = Release|Win32
		{F5737510-B030-458F-9D13-BEE30BC5C4A1}.Release|x86.Build.0 = Release|Win32
		{B4796F86-4F57-4481-A784-442D8FBCA9B9}.Debug|x64.ActiveCfg = Debug|x64
		{B4796F86-4F57-4481-A784-442D8FBCA9B9}.Debug|x64.Build.0 = Debug|x64
		{B4796F86-4F57-4481-A784-442D8FBCA9B9}.Debug|x86.ActiveCfg = Debug|Win32
		{B4796F86-4F57-4481-A784-442D8FBCA9B9}.Debug|x86.Build.0 = Debug|Win32
		{B4796F86-4F57-4481-A784-442D8FBCA9B9}.Release|x64.ActiveCfg = Release|x64
		{B4796F86-4F57-4481-A784-442D8FBCA9B9}.Release|x64.Build.0 = Release|x64
		{B4796F86-4F57-4481-A784-442D8FBCA9B9}.Release|x86.ActiveCfg = Release|Win32
		{B4796F86-4F57-4481-A784-442D8FBCA9B9}.Release|x86.Build.0 = Release|Win32
		{C7C6B49E-078D-4076-B20F-FAE58C31F55C}.Debug|x64.ActiveCfg = Debug|x64
		{C7C6B49E-078D-4076-B20F-FAE58C31F55C}.Debug|x64.Build.0 = Debug|x64
		{C7C6B49E-078D-4076-B20F-FAE58C31F55C}.Debug|x86.ActiveCfg = Debug|Win32
		{C7C6B49E-078D-4076-B20F-FAE58C31F55C}.Debug|x86.Build.0 = Debug|Win32
		{C7C6B49E-078D-4076-B20F-FAE58C31F55C}.Release|x64.ActiveCfg = Release|x64
		{C7C6B49E-078D-4076-B20F-FAE58C31F55C}.Release|x64.Build.0 = Release|x64
		{C7C6B49E-078D-4076-B20F-FAE58C31F55C}.Release|x86.ActiveCfg = Release|Win32
		{C7C6B49E-078D-4076-B20F-FAE58C31F55C}.Release|x86.Build.0 = Release|Win32
		{C266529A-87F3-4D23-B37C-B02A7C69266C}.Debug|x64.ActiveCfg = Debug|x64
		{C266529A-87F3-4D23-B37C-B02A7C69266C}.Debug|x64.Build.0 = Debug|x64
		{C266529A-87F3-4D23-B37C-B02A7C69266C}.Debug|x86.ActiveCfg = Debug|Win32
		{C266529A-87F3-4D23-B37C-B02A7C69266C}.Debug|x86.Build.0 = Debug|Win32
		{C266529A-87F3-4D23-B37C-B02A7C69266C}.Release|x64.ActiveCfg = Release|x64
		{C266529A-87F3-4D23-B37C-B02A7C69266C}.Release|x64.Build.0 = Release|x64
		{C266529A-87F3-4D23-B37C-B02A7C69266C}.Release|x86.ActiveCfg = Release|Win32
		{C266529A-87F3-4D23-B37C-B02A7C69266C}.Release|x86.Build.0 = Release|Win32
		{D07C0C08-CD09-463D-BD7F-2B7B460F2E38}.Debug|x64.ActiveCfg = Debug|x64
		{D07C0C08-CD09-463D-BD7F-2B7B460F2E38}.Debug|x64.Build.0 = Debug|x64
		{D07C0C08-CD09-463D-BD7F-2B7B460F2E38}.Debug|x86.ActiveCfg = Debug|Win32
		{D07C0C08-CD09-463D-BD7F-2B7B460F2E38}.Debug|x86.Build.0 = Debug|Win32
		{D07C0C08-CD09-463D-BD7F-2B7B460F2E38}.Release|x64.ActiveCfg = Release|x64
		{D07C0C08-CD09-463D-BD7F-2B7B460F2E38}.Release|x64.Build.0 = Release|x64
		{D07C0C08-CD09-463D-BD7F-2B7B460F2E38}.Release|x86.ActiveCfg = Release|Win32
		{D07C0C08-CD09-463D-BD7F-2B7B460F2E38}.Release|x86.Build.0 = Release|Win32
		{D43464AE-3D94-46FE-8B2F-28E77E9550CF}.Debug|x64.ActiveCfg = Debug|x64
		{D43464AE-3D94-46FE-8B2F-28E77E9550CF}.Debug|x64.Build.0 = Debug|x64
		{D43464AE-3D94-46FE-8B2F-28E77E9550CF}.Debug|x86.ActiveCfg = Debug|Win32
		{D43464AE-3D94-46FE-8B2F-28E77E9550CF}.Debug|x86.Build.0 = Debug|Win32
		{D43464AE-3D94-46FE-8B2F-28E77E9550CF}.Release|x64.ActiveCfg = Release|x64
		{D43464AE-3D94-46FE-8B2F-28E77E9550CF}.Release|x64.Build.0 = Release|x64
		{D43464AE-3D94-46FE-8B2F-28E77E9550CF}.Release|x86.ActiveCfg = Release|Win32
		{D43464AE-3D94-46FE-8B2F-28E77E9550CF}.Release|x86.Build.0 = Release|Win32
		{F093E9CE-DB8A-4771-AAA5-B179DD9DE38B}.Debug|x64.ActiveCfg = Debug|x64
		{F093E9CE-DB8A-4771-AAA5-B179DD9DE38B}.Debug|x64.Build.0 = Debug|x64
		{F093E9CE-DB8A-4771-AAA5-B179DD9DE38B}.Debug|x86.ActiveCfg = Debug|Win32
		{F093E9CE-DB8A-4771-AAA5-B179DD9DE38B}.Debug|x86.Build.0 = Debug|Win32
		{F093E9CE-DB8A-4771-AAA5-B179DD9DE38B}.Release|x64.ActiveCfg = Release|x64
		{F093E9CE-DB8A-4771-AAA5-B179DD9DE38B}.Release|x64.Build.0 = Release|x64
		{F093E9CE-DB8A-4771-AAA5-B179DD9DE38B}.Release|x86.ActiveCfg = Release|Win32
		{F093E9CE-DB8A-4771-AAA5-B179DD9DE38B}.Release|x86.Build.0 = Release|Win32
		{DC9C9CCD-6A54-48A3-A740-C027FE855F4C}.Debug|x64.ActiveCfg = Debug|x64
		{DC9C9CCD-6A54-48A3-A740-C027FE855F4C}.Debug|x64.Build.0 = Debug|x64
		{DC9C9CCD-6A54-48A3-A740-C027FE855F4C}.Debug|x86.ActiveCfg = Debug|Win32
		{DC9C9CCD-6A54-48A3-A740-C027FE855F4C}.Debug|x86.Build.0 = Debug|Win32
		{DC9C9CCD-6A54-48A3-A740-C027FE855F4C}.Release|x64.ActiveCfg = Release|x64
		{DC9C9CCD-6A54-48A3-A740-C027FE855F4C}.Release|x64.Build.0 = Release|x64
		{DC9C9CCD-6A54-48A3-A740-C027FE855F4C}.Release|x86.ActiveCfg = Release|Win32
		{DC9C9CCD-6A54-48A3-A740-C027FE855F4C}.Release|x86.Build.0 = Release|Win32
		{B8D139B0-7D4C-4518-873C-A6D50407AEB5}.Debug|x64.ActiveCfg = Debug|x64
		{B8D139B0-7D4C-4518-873C-A6D50407AEB5}.Debug|x64.Build.0 = Debug|x64
		{B8D139B0-7D4C-4518-873C-A6D50407AEB5}.Debug|x86.ActiveCfg = Debug|Win32
		{B8D139B0-7D4C-4518-873C-A6D50407AEB5}.Debug|x86.Build.0 = Debug|Win32
		{B8D139B0-7D4C-4518-873C-A6D50407AEB5}.Release|x64.ActiveCfg = Release|x64
		{B8D139B0-7D4C-4518-873C-A6D50407AEB5}.Release|x64.Build.0 = Release|x64
		{B8D139B0-7D4C-4518-873C-A6D50407AEB5}.Release|x86.ActiveCfg = Release|Win32
		{B8D139B0-7D4C-4518-873C-A6D50407AEB5}.Release|x86.Build.0 = Release|Win32
		{6738B781-CD7D-4BE8-A4D6-F65D068D35EA}.Debug|x64.ActiveCfg = Debug|x64
		{6738B781-CD7D-4BE8-A4D6-F65D068D35EA}.Debug|x64.Build.0 = Debug|x64
		{6738B781-CD7D-4BE8-A4D6-F65D068D35EA}.Debug|x86.ActiveCfg = Debug|Win32
		{6738B781-CD7D-4BE8-A4D6-F65D068D35EA}.Debug|x86.Build.0 = Debug|Win32
		{6738B781-CD7D-4BE8-A4D6-F65D068D35EA}.Release|x64.ActiveCfg = Release|x64
		{6738B781-CD7D-4BE8-A4D6-F65D068D35EA}.Release|x64.Build.0 = Release|x64
		{6738B781-CD7D-4BE8-A4D6-F65D068D35EA}.Release|x86.ActiveCfg = Release|Win32
		{6738B781-CD7D-4BE8-A4D6-F65D068D35EA}.Release|x86.Build.0 = Release|Win32
		{D788A85D-061E-4021-A2BA-7C6239FE89BF}.Debug|x64.ActiveCfg = Debug|x64
		{D788A85D-061E-4021-A2BA-7C6239FE89BF}.Debug|x64.Build.0 = Debug|x64
		{D788A85D-061E-4021-A2BA-7C6239FE89BF}.Debug|x86.ActiveCfg = Debug|Win32
		{D788A85D-061E-4021-A2BA-7C6239FE89BF}.Debug|x86.Build.0 = Debug|Win32
		{D788A85D-061E-4021-A2BA-7C6239FE89BF}.Release|x64.ActiveCfg = Release|x64
		{D788A85D-061E-4021-A2BA-7C6239FE89BF}.Release|x64.Build.0 = Release|x64
		{D788A85D-061E-4021-A2BA-7C6239FE89BF}.Release|x86.ActiveCfg = Release|Win32
		{D788A85D-061E-4021-A2BA-7C6239FE89BF}.Release|x86.Build.0 = Release|Win32
		{C2543209-2F34-4E8B-8488-80661E21AE4A}.Debug|x64.ActiveCfg = Debug|x64
		{C2543209-2F34-4E8B-8488-80661E21AE4A}.Debug|x64.Build.0 = Debug|x64
		{C2543209-2F34-4E8B-8488-80661E21AE4A}.Debug|x86.ActiveCfg = Debug|Win32
		{C2543209-2F34-4E8B-8488-80661E21AE4A}.Debug|x86.Build.0 = Debug|Win32
		{C2543209-2F34-4E8B-8488-80661E21AE4A}.Release|x64.ActiveCfg = Release|x64
		{C2543209-2F34-4E8B-8488-80661E21AE4A}.Release|x64.Build.0 = Release|x64
		{C2543209-2F34-4E8B-8488-80661E21AE4A}.Release|x86.ActiveCfg = Release|Win32
		{C2543209-2F34-4E8B-8488-80661E21AE4A}.Release|x86.Build.0 = Release|Win32
		{8E3C178A-5494-465D-AE2C-1702E41E04B0}.Debug|x64.ActiveCfg = Debug|x64
		{8E3C178A-5494-465D-AE2C-1702E41E04B0}.Debug|x64.Build.0 = Debug|x64
		{8E3C178A-5494-465D-AE2C-1702E41E04B0}.Debug|x86.ActiveCfg = Debug|Win32
		{8E3C178A-5494-465D-AE2C-1702E41E04B0}.Debug|x86.Build.0 = Debug|Win32
		{8E3C178A-5494-465D-AE2C-1702E41E04B0}.Release|x64.ActiveCfg = Release|x64
		{8E3C178A-5494-465D-AE2C-1702E41E04B0}.Release|x64.Build.0 = Release|x64
		{8E3C178A-5494-465D-AE2C-1702E41E04B0}.Release|x86.ActiveCfg = Release|Win32
		{8E3C178A-5494-465D-AE2C-1702E41E04B0}.Release|x86.Build.0 = Release|Win32
		{34E3A176-186D-4BB0-8127-C805BFDB77EA}.Debug|x64.ActiveCfg = Debug|x64
		{34E3A176-186D-4BB0-8127-C805BFDB77EA}.Debug|x64.Build.0 = Debug|x64
		{34E3A176-186D-4BB0-8127-C805BFDB77EA}.Debug|x86.ActiveCfg = Debug|Win32
		{34E3A176-186D-4BB0-8127-C805BFDB77EA}.Debug|x86.Build.0 = Debug|Win32
		{34E3A176-186D-4BB0-8127-C805BFDB77EA}.Release|x64.ActiveCfg = Release|x64
		{34E3A176-186D-4BB0-8127-C805BFDB77EA}.Release|x64.Build.0 = Release|x64
		{34E3A176-186D-4BB0-8127-C805BFDB77EA}.Release|x86.ActiveCfg = Release|Win32
		{34E3A176-186D-4BB0-8127-C805BFDB77EA}.Release|x86.Build.0 = Release|Win32
		{8E031467-997B-4B42-862A-205275D136D7}.Debug|x64.ActiveCfg = Debug|x64
		{8E031467-997B-4B42-862A-205275D136D7}.Debug|x64.Build.0 = Debug|x64
		{8E031467-997B-4B42-862A-205275D136D7}.Debug|x86.ActiveCfg = Debug|Win32
		{8E031467-997B-4B42-862A-205275D136D7}.Debug|x86.Build.0 = Debug|Win32
		{8E031467-997B-4B42-862A-205275D136D7}.Release|x64.ActiveCfg = Release|x64
		{8E031467-997B-4B42-862A-205275D136D7}.Release|x64.Build.0 = Release|x64
		{8E031467-997B-4B42-862A-205275D136D7}.Release|x86.ActiveCfg = Release|Win32
		{8E031467-997B-4B42-862A-205275D136D7}.Release|x86.Build.0 = Release|Win32
		{3BA17E31-F175-4EF0-BDE0-B0AC04DB6374}.Debug|x64.ActiveCfg = Debug|x64
		{3BA17E31-F175-4EF0-BDE0-B0AC04DB6374}.Debug|x64.Build.0 = Debug|x64
		{3BA17E31-F175-4EF0-BDE0-B0AC04DB6374}.Debug|x86.ActiveCfg = Debug|Win32
		{3BA17E31-F175-4EF0-BDE0-B0AC04DB6374}.Debug|x86.Build.0 = Debug|Win32
		{3BA17E31-F175-4EF0-BDE0-B0AC04DB6374}.Release|x64.ActiveCfg = Release|x64
		{3BA17E31-F175-4EF0-BDE0-B0AC04DB6374}.Release|x64.Build.0 = Release|x64
		{3BA17E31-F175-4EF0-BDE0-B0AC04DB6374}.Release|x86.ActiveCfg = Release|Win32
		{3BA17E31-F175-4EF0-BDE0-B0AC04DB6374}.Release|x86.Build.0 = Release|Win32
		{D95CC314-C02C-4225-A69F-53BCA474B714}.Debug|x64.ActiveCfg = Debug|x64
		{D95CC314-C02C-4225-A69F-53BCA474B714}.Debug|x64.Build.0 = Debug|x64
		{D95CC314-C02C-4225-A69F-53BCA474B714}.Debug|x86.ActiveCfg = Debug|Win32
		{D95CC314-C02C-4225-A69F-53BCA474B714}.Debug|x86.Build.0 = Debug|Win32
		{D95CC314-C02C-4225-A69F-53BCA474B714}.Release|x64.ActiveCfg = Release|x64
		{D95CC314-C02C-4225-A69F-53BCA474B714}.Release|x64.Build.0 = Release|x64
		{D95CC314-C02C-4225-A69F-53BCA474B714}.Release|x86.ActiveCfg = Release|Win32
		{D95CC314-C02C-4225-A69F-53BCA474B714}.Release|x86.Build.0 = Release|Win32
		{A42FAB43-BD64-4BF2-81E9-3DB9BA78D5EC}.Debug|x64.ActiveCfg = Debug|x64
		{A42FAB43-BD64-4BF2-81E9-3DB9BA78D5EC}.Debug|x64.Build.0 = Debug|x64
		{A42FAB43-BD64-4BF2-81E9-3DB9BA78D5EC}.Debug|x86.ActiveCfg = Debug|Win32
		{A42FAB43-BD64-4BF2-81E9-3DB9BA78D5EC}.Debug|x86.Build.0 = Debug|Win32
		{A42FAB43-BD64-4BF2-81E9-3DB9BA78D5EC}.Release|x64.ActiveCfg = Release|x64
		{A42FAB43-BD64-4BF2-81E9-3DB9BA78D5EC}.Release|x64.Build.0 = Release|x64
		{A42FAB43-BD64-4BF2-81E9-3DB9BA78D5EC}.Release|x86.ActiveCfg = Release|Win32
		{A42FAB43-BD64-4BF2-81E9-3DB9BA78D5EC}.Release|x86.Build.0 = Release|Win32
		{51E05FC6-AD4D-4CD5-8291-9FA4BCDC7EA3}.Debug|x64.ActiveCfg = Debug|x64
		{51E05FC6-AD4D-4CD5-8291-9FA4BCDC7EA3}.Debug|x64.Build.0 = Debug|x64
		{51E05FC6-AD4D-4CD5-8291-9FA4BCDC7EA3}.Debug|x86.ActiveCfg = Debug|Win32
		{51E05FC6-AD4D-4CD5-8291-9FA4BCDC7EA3}.Debug|x86.Build.0 = Debug|Win32
		{51E05FC6-AD4D-4CD5-8291-9FA4BCDC7EA3}.Release|x64.ActiveCfg = Release|x64
		{51E05FC6-AD4D-4CD5-8291-9FA4BCDC7EA3}.Release|x64.Build.0 = Release|x64
		{51E05FC6-AD4D-4CD5-8291-9FA4BCDC7EA3}.Release|x86.ActiveCfg = Release|Win32
		{51E05FC6-AD4D-4CD5-8291-9FA4BCDC7EA3}.Release|x86.Build.0 = Release|Win32
		{B60CC0ED-73CE-4E8E-83FC-F04E524BDE5E}.Debug|x64.ActiveCfg = Debug|x64
		{B60CC0ED-73CE-4E8E-83FC-F04E524BDE5E}.Debug|x64.Build.0 = Debug|x64
		{B60CC0ED-73CE-4E8E-83FC-F04E524BDE5E}.Debug|x86.ActiveCfg = Debug|Win32
		{B60CC0ED-73CE-4E8E-83FC-F04E524BDE5E}.Debug|x86.Build.0 = Debug|Win32
		{B60CC0ED-73CE-4E8E-83FC-F04E524BDE5E}.Release|x64.ActiveCfg = Release|x64
		{B60CC0ED-73CE-4E8E-83FC-F04E524BDE5E}.Release|x64.Build.0 = Release|x64
		{B60CC0ED-73CE-4E8E-83FC-F04E524BDE5E}.Release|x86.ActiveCfg = Release|Win32
		{B60CC0ED-73CE-4E8E-83FC-F04E524BDE5E}.Release|x86.Build.0 = Release|Win32
		{D3581973-0E06-44E1-9429-45CA86B79FE6}.Debug|x64.ActiveCfg = Debug|x64
		{D3581973-0E06-44E1-9429-45CA86B79FE6}.Debug|x64.Build.0 = Debug|x64
		{D3581973-0E06-44E1-9429-45CA86B79FE6}.Debug|x86.ActiveCfg = Debug|Win32
		{D3581973-0E06-44E1-9429-45CA86B79FE6}.Debug|x86.Build.0 = Debug|Win32
		{D3581973-0E06-44E1-9429-45CA86B79FE6}.Release|x64.ActiveCfg = Release|x64
		{D3581973-0E06-44E1-9429-45CA86B79FE6}.Release|x64.Build.0 = Release|x64
		{D3581973-0E06-44E1-9429-45CA86B79FE6}.Release|x86.ActiveCfg = Release|Win32
		{D3581973-0E06-44E1-9429-45CA86B79FE6}.Release|x86.Build.0 = Release|Win32
		{B026F732-AECC-44FD-87A2-176F2879F4C7}.Debug|x64.ActiveCfg = Debug|x64
		{B026F732-AECC-44FD-87A2-176F2879F4C7}.Debug|x64.Build.0 = Debug|x64
		{B026F732-AECC-44FD-87A2-176F2879F4C7}.Debug|x86.ActiveCfg = Debug|Win32
		{B026F732-AECC-44FD-87A2-176F2879F4C7}.Debug|x86.Build.0 = Debug|Win32
		{B026F732-AECC-44FD-87A2-176F2879F4C7}.Release|x64.ActiveCfg = Release|x64
		{B026F732-AECC-44FD-87A2-176F2879F4C7}.Release|x64.Build.0 = Release|x64
		{B026F732-AECC-44FD-87A2-176F2879F4C7}.Release|x86.ActiveCfg = Release|Win32
		{B026F732-AECC-44FD-87A2-176F2879F4C7}.Release|x86.Build.0 = Release|Win32
		{B1FC10EA-5700-49FE-A8A7-E08D4D62655B}.Debug|x64.ActiveCfg = Debug|x64
		{B1FC10EA-5700-49FE-A8A7-E08D4D62655B}.Debug|x64.Build.0 = Debug|x64
		{B1FC10EA-5700-49FE-A8A7-E08D4D62655B}.Debug|x86.ActiveCfg = Debug|Win32
		{B1FC10EA-5700-49FE-A8A7-E08D4D62655B}.Debug|x86.Build.0 = Debug|Win32
		{B1FC10EA-5700-49FE-A8A7-E08D4D62655B}.Release|x64.ActiveCfg = Release|x64
		{B1FC10EA-5700-49FE-A8A7-E08D4D62655B}.Release|x64.Build.0 = Release|x64
		{B1FC10EA-5700-49FE-A8A7-E08D4D62655B}.Release|x86.ActiveCfg = Release|Win32
		{B1FC10EA-5700-49FE-A8A7-E08D4D62655B}.Release|x86.Build.0 = Release|Win32
		{BAD62D07-8C5E-4EF2-9334-8A9CC7E64698}.Debug|x64.ActiveCfg = Debug|x64
		{BAD62D07-8C5E-4EF2-9334-8A9CC7E64698}.Debug|x64.Build.0 = Debug|x64
		{BAD62D07-8C5E-4EF2-9334-8A9CC7E64698}.Debug|x86.ActiveCfg = Debug|Win32
		{BAD62D07-8C5E-4EF2-9334-8A9CC7E64698}.Debug|x86.Build.0 = Debug|Win32
		{BAD62D07-8C5E-4EF2-9334-8A9CC7E64698}.Release|x64.ActiveCfg = Release|x64
		{BAD62D07-8C5E-4EF2-9334-8A9CC7E64698}.Release|x64.Build.0 = Release|x64
		{BAD62D07-8C5E-4EF2-9334-8A9CC7E64698}.Release|x86.ActiveCfg = Release|Win32
		{BAD62D07-8C5E-4EF2-9334-8A9CC7E64698}.Release|x86.Build.0 = Release|Win32
		{AAACB740-A4BB-41B9-89F0-E8DA05E44D3B}.Debug|x64.ActiveCfg = Debug|x64
		{AAACB740-A4BB-41B9-89F0-E8DA05E44D3B}.Debug|x64.Build.0 = Debug|x64
		{AAACB740-A4BB-41B9-89F0-E8DA05E44D3B}.Debug|x86.ActiveCfg = Debug|Win32
		{AAACB740-A4BB-41B9-89F0-E8DA05E44D3B}.Debug|x86.Build.0 = Debug|Win32
		{AAACB740-A4BB-41B9-89F0-E8DA05E44D3B}.Release|x64.ActiveCfg = Release|x64
		{AAACB740-A4BB-41B9-89F0-E8DA05E44D3B}.Release|x64.Build.0 = Release|x64
		{AAACB740-A4BB-41B9-89F0-E8DA05E44D3B}.Release|x86.ActiveCfg = Release|Win32
		{AAACB740-A4BB-41B9-89F0-E8DA05E44D3B}.Release|x86.Build.0 = Release|Win32
		{B083F21D-4C35-4168-863A-AA6269CE5843}.Debug|x64.ActiveCfg = Debug|x64
		{B083F21D-4C35-4168-863A-AA6269CE5843}.Debug|x64.Build.0 = Debug|x64
		{B083F21D-4C35-4168-863A-AA6269CE5843}.Debug|x86.ActiveCfg = Debug|Win32
		{B083F21D-4C35-4168-863A-AA6269CE5843}.Debug|x86.Build.0 = Debug|Win32
		{B083F21D-4C35-4168-863A-AA6269CE5843}.Release|x64.ActiveCfg = Release|x64
		{B083F21D-4C35-4168-863A-AA6269CE5843}.Release|x64.Build.0 = Release|x64
		{B083F21D-4C35-4168-863A-AA6269CE5843}.Release|x86.ActiveCfg = Release|Win32
		{B083F21D-4C35-4168-863A-AA6269CE5843}.Release|x86.Build.0 = Release|Win32
		{AB855B92-4325-4489-9BF4-F636EC60AF1E}.Debug|x64.ActiveCfg = Debug|x64
		{AB855B92-4325-4489-9BF4-F636EC60AF1E}.Debug|x64.Build.0 = Debug|x64
		{AB855B92-4325-4489-9BF4-F636EC60AF1E}.Debug|x86.ActiveCfg = Debug|Win32
		{AB855B92-4325-4489-9BF4-F636EC60AF1E}.Debug|x86.Build.0 = Debug|Win32
		{AB855B92-4325-4489-9BF4-F636EC60AF1E}.Release|x64.ActiveCfg = Release|x64
		{AB855B92-4325-4489-9BF4-F636EC60AF1E}.Release|x64.Build.0 = Release|x64
		{AB855B92-4325-4489-9BF4-F636EC60AF1E}.Release|x86.ActiveCfg = Release|Win32
		{AB855B92-4325-4489-9BF4-F636EC60AF1E}.Release|x86.Build.0 = Release|Win32
		{22F858EB-1068-433C-B35C-63C217E0AED8}.Debug|x64.ActiveCfg = Debug|x64
		{22F858EB-1068-433C-B35C-63C217E0AED8}.Debug|x64.Build.0 = Debug|x64
		{22F858EB-1068-433C-B35C-63C217E0AED8}.Debug|x86.ActiveCfg = Debug|Win32
		{22F858EB-1068-433C-B35C-63C217E0AED8}.Debug|x86.Build.0 = Debug|Win32
		{22F858EB-1068-433C-B35C-63C217E0AED8}.Release|x64.ActiveCfg = Release|x64
		{22F858EB-1068-433C-B35C-63C217E0AED8}.Release|x64.Build.0 = Release|x64
		{22F858EB-1068-433C-B35C-63C217E0AED8}.Release|x86.ActiveCfg = Release|Win32
		{22F858EB-1068-433C-B35C-63C217E0AED8}.Release|x86.Build.0 = Release|Win32
	EndGlobalSection
	GlobalSection(SolutionProperties) = preSolution
		HideSolutionNode = FALSE
	EndGlobalSection
	GlobalSection(ExtensibilityGlobals) = postSolution
		SolutionGuid = {CE1B568D-817C-46D6-B137-77E7913B71CE}
	EndGlobalSection
EndGlobal
