
Microsoft Visual Studio Solution File, Format Version 12.00
# Visual Studio Version 17
VisualStudioVersion = 17.7.34031.279
MinimumVisualStudioVersion = 10.0.40219.1
Project("{8BC9CEB8-8B4A-11D0-8D11-00A0C91BC942}") = "PhanChiaBaiTap", "PhanChiaBaiTap\PhanChiaBaiTap.vcxproj", "{C1D214D0-0F15-4188-858C-2095FD53B081}"
EndProject
Project("{8BC9CEB8-8B4A-11D0-8D11-00A0C91BC942}") = "Bai003", "Bai003\Bai003.vcxproj", "{6518D125-F4EC-406D-80D8-445B718B199F}"
EndProject
Project("{8BC9CEB8-8B4A-11D0-8D11-00A0C91BC942}") = "Bai009", "Bai009\Bai009.vcxproj", "{65CFEEC8-5A49-4CE4-A5AB-C718EAA86053}"
EndProject
Project("{8BC9CEB8-8B4A-11D0-8D11-00A0C91BC942}") = "Bai015", "Bai015\Bai015.vcxproj", "{910873E3-EFAB-4A08-9B56-C8B545ADB58C}"
EndProject
Project("{8BC9CEB8-8B4A-11D0-8D11-00A0C91BC942}") = "Bai021", "Bai021\Bai021.vcxproj", "{ABAC7D29-37A4-49EC-A5D7-CE937F842842}"
EndProject
Project("{8BC9CEB8-8B4A-11D0-8D11-00A0C91BC942}") = "Bai027", "Bai027\Bai027.vcxproj", "{1FF0008F-5051-4EAC-AC6A-00027867EEFB}"
EndProject
Project("{8BC9CEB8-8B4A-11D0-8D11-00A0C91BC942}") = "Bai033", "Bai033\Bai033.vcxproj", "{D0BD99C9-D2DF-411A-817D-069E2824D0E3}"
EndProject
Project("{8BC9CEB8-8B4A-11D0-8D11-00A0C91BC942}") = "Bai039", "Bai039\Bai039.vcxproj", "{BABEC44C-837D-4299-8C62-0D8FA2F6B3AF}"
EndProject
Project("{8BC9CEB8-8B4A-11D0-8D11-00A0C91BC942}") = "Bai045", "Bai045\Bai045.vcxproj", "{474A9DA4-FE2A-42DB-B25C-45BF54B13CAC}"
EndProject
Project("{8BC9CEB8-8B4A-11D0-8D11-00A0C91BC942}") = "Bai051", "Bai051\Bai051.vcxproj", "{2B2F15EC-F317-484A-ADAD-540592C08B7A}"
EndProject
Project("{8BC9CEB8-8B4A-11D0-8D11-00A0C91BC942}") = "Bai057", "Bai057\Bai057.vcxproj", "{4A243563-A0AC-4642-89EB-BB5C2D561E01}"
EndProject
Project("{8BC9CEB8-8B4A-11D0-8D11-00A0C91BC942}") = "Bai063", "Bai063\Bai063.vcxproj", "{6595200A-3F0C-46CD-B9C0-E3C0935CEE61}"
EndProject
Project("{8BC9CEB8-8B4A-11D0-8D11-00A0C91BC942}") = "Bai069", "Bai069\Bai069.vcxproj", "{529327BB-139D-4089-9CAB-57E73BA91466}"
EndProject
Project("{8BC9CEB8-8B4A-11D0-8D11-00A0C91BC942}") = "Bai075", "Bai075\Bai075.vcxproj", "{16AB5091-1616-469B-8886-A5E6FA12B86B}"
EndProject
Project("{8BC9CEB8-8B4A-11D0-8D11-00A0C91BC942}") = "Bai081", "Bai081\Bai081.vcxproj", "{BEA9AF5D-6C66-482B-AB20-270259BA3889}"
EndProject
Project("{8BC9CEB8-8B4A-11D0-8D11-00A0C91BC942}") = "Bai087", "Bai087\Bai087.vcxproj", "{907158E0-7E44-4733-914A-68BEB0D3E34D}"
EndProject
Project("{8BC9CEB8-8B4A-11D0-8D11-00A0C91BC942}") = "Bai093", "Bai093\Bai093.vcxproj", "{1C0A5F81-614E-4963-B8C5-95E7CD03CA0D}"
EndProject
Project("{8BC9CEB8-8B4A-11D0-8D11-00A0C91BC942}") = "Bai099", "Bai099\Bai099.vcxproj", "{25ED8AA0-8757-4453-B2D7-19EB403DD06D}"
EndProject
Project("{8BC9CEB8-8B4A-11D0-8D11-00A0C91BC942}") = "Bai105", "Bai105\Bai105.vcxproj", "{E6EF9AAD-45EE-410D-9DDD-77231C6ED155}"
EndProject
Project("{8BC9CEB8-8B4A-11D0-8D11-00A0C91BC942}") = "Bai111", "Bai111\Bai111.vcxproj", "{A52FB04F-EA29-40D6-B7DA-4C80D74D6DBB}"
EndProject
Project("{8BC9CEB8-8B4A-11D0-8D11-00A0C91BC942}") = "Bai117", "Bai117\Bai117.vcxproj", "{64B7BDBD-8E68-4E96-9FFE-82F620875E4A}"
EndProject
Project("{8BC9CEB8-8B4A-11D0-8D11-00A0C91BC942}") = "Bai123", "Bai123\Bai123.vcxproj", "{019635DF-CC1B-444A-A9B8-28D8FFABD100}"
EndProject
Project("{8BC9CEB8-8B4A-11D0-8D11-00A0C91BC942}") = "Bai129", "Bai129\Bai129.vcxproj", "{D2E19ED0-7D10-4547-882F-68A3A79DF95D}"
EndProject
Project("{8BC9CEB8-8B4A-11D0-8D11-00A0C91BC942}") = "Bai135", "Bai135\Bai135.vcxproj", "{9381A24F-9224-4520-8654-17382DAF5231}"
EndProject
Project("{8BC9CEB8-8B4A-11D0-8D11-00A0C91BC942}") = "Bai141", "Bai141\Bai141.vcxproj", "{93659128-6A7C-4783-B17E-F7DC70C37062}"
EndProject
Project("{8BC9CEB8-8B4A-11D0-8D11-00A0C91BC942}") = "Bai147", "Bai147\Bai147.vcxproj", "{681E1DC1-5E57-4DF8-818D-EB8464E8718C}"
EndProject
Project("{8BC9CEB8-8B4A-11D0-8D11-00A0C91BC942}") = "Bai153", "Bai153\Bai153.vcxproj", "{854BD8B7-6BE6-4D24-8024-B104A450541D}"
EndProject
Project("{8BC9CEB8-8B4A-11D0-8D11-00A0C91BC942}") = "Bai159", "Bai159\Bai159.vcxproj", "{023F8F32-9A37-4195-847D-D53D3BD69534}"
EndProject
Project("{8BC9CEB8-8B4A-11D0-8D11-00A0C91BC942}") = "Bai165", "Bai165\Bai165.vcxproj", "{80F357CB-2A7F-4741-9EE4-EACDF9A2D3B2}"
EndProject
Project("{8BC9CEB8-8B4A-11D0-8D11-00A0C91BC942}") = "Bai171", "Bai171\Bai171.vcxproj", "{22F58465-E4B6-4223-AD95-A07B52552AAB}"
EndProject
Project("{8BC9CEB8-8B4A-11D0-8D11-00A0C91BC942}") = "Bai177", "Bai177\Bai177.vcxproj", "{EC70B529-17B7-4D6C-A74A-1660D180417A}"
EndProject
Project("{8BC9CEB8-8B4A-11D0-8D11-00A0C91BC942}") = "Bai183", "Bai183\Bai183.vcxproj", "{504EAE28-3ACC-42F7-B06F-30002B829300}"
EndProject
Project("{8BC9CEB8-8B4A-11D0-8D11-00A0C91BC942}") = "Bai189", "Bai189\Bai189.vcxproj", "{459DAC5A-E83A-45CD-AD7C-F07607BBB238}"
EndProject
Project("{8BC9CEB8-8B4A-11D0-8D11-00A0C91BC942}") = "Bai195", "Bai195\Bai195.vcxproj", "{BF48D8A2-F51D-46C2-B41E-5DFE72BA17F6}"
EndProject
Project("{8BC9CEB8-8B4A-11D0-8D11-00A0C91BC942}") = "Bai201", "Bai201\Bai201.vcxproj", "{4DDB3856-3B5E-422D-8356-1EECD97FA8DD}"
EndProject
Project("{8BC9CEB8-8B4A-11D0-8D11-00A0C91BC942}") = "Bai207", "Bai207\Bai207.vcxproj", "{5C291FE0-2994-4B6A-92A6-3815CC9CA528}"
EndProject
Project("{8BC9CEB8-8B4A-11D0-8D11-00A0C91BC942}") = "Bai213", "Bai213\Bai213.vcxproj", "{87C7958C-A46A-496F-B8E1-739C72626BD1}"
EndProject
Project("{8BC9CEB8-8B4A-11D0-8D11-00A0C91BC942}") = "Bai219", "Bai219\Bai219.vcxproj", "{4273AEBB-277C-487C-9885-9A868370C417}"
EndProject
Project("{8BC9CEB8-8B4A-11D0-8D11-00A0C91BC942}") = "Bai225", "Bai225\Bai225.vcxproj", "{E406DD49-E744-4BEA-A23B-A59DF1BA8C9B}"
EndProject
Project("{8BC9CEB8-8B4A-11D0-8D11-00A0C91BC942}") = "Bai231", "Bai231\Bai231.vcxproj", "{CBE2C076-2A2A-4CC9-B120-8E0154403E8D}"
EndProject
Project("{8BC9CEB8-8B4A-11D0-8D11-00A0C91BC942}") = "Bai237", "Bai237\Bai237.vcxproj", "{EB253D50-AEF1-4F36-8563-F92B6EC09878}"
EndProject
Global
	GlobalSection(SolutionConfigurationPlatforms) = preSolution
		Debug|x64 = Debug|x64
		Debug|x86 = Debug|x86
		Release|x64 = Release|x64
		Release|x86 = Release|x86
	EndGlobalSection
	GlobalSection(ProjectConfigurationPlatforms) = postSolution
		{C1D214D0-0F15-4188-858C-2095FD53B081}.Debug|x64.ActiveCfg = Debug|x64
		{C1D214D0-0F15-4188-858C-2095FD53B081}.Debug|x64.Build.0 = Debug|x64
		{C1D214D0-0F15-4188-858C-2095FD53B081}.Debug|x86.ActiveCfg = Debug|Win32
		{C1D214D0-0F15-4188-858C-2095FD53B081}.Debug|x86.Build.0 = Debug|Win32
		{C1D214D0-0F15-4188-858C-2095FD53B081}.Release|x64.ActiveCfg = Release|x64
		{C1D214D0-0F15-4188-858C-2095FD53B081}.Release|x64.Build.0 = Release|x64
		{C1D214D0-0F15-4188-858C-2095FD53B081}.Release|x86.ActiveCfg = Release|Win32
		{C1D214D0-0F15-4188-858C-2095FD53B081}.Release|x86.Build.0 = Release|Win32
		{6518D125-F4EC-406D-80D8-445B718B199F}.Debug|x64.ActiveCfg = Debug|x64
		{6518D125-F4EC-406D-80D8-445B718B199F}.Debug|x64.Build.0 = Debug|x64
		{6518D125-F4EC-406D-80D8-445B718B199F}.Debug|x86.ActiveCfg = Debug|Win32
		{6518D125-F4EC-406D-80D8-445B718B199F}.Debug|x86.Build.0 = Debug|Win32
		{6518D125-F4EC-406D-80D8-445B718B199F}.Release|x64.ActiveCfg = Release|x64
		{6518D125-F4EC-406D-80D8-445B718B199F}.Release|x64.Build.0 = Release|x64
		{6518D125-F4EC-406D-80D8-445B718B199F}.Release|x86.ActiveCfg = Release|Win32
		{6518D125-F4EC-406D-80D8-445B718B199F}.Release|x86.Build.0 = Release|Win32
		{65CFEEC8-5A49-4CE4-A5AB-C718EAA86053}.Debug|x64.ActiveCfg = Debug|x64
		{65CFEEC8-5A49-4CE4-A5AB-C718EAA86053}.Debug|x64.Build.0 = Debug|x64
		{65CFEEC8-5A49-4CE4-A5AB-C718EAA86053}.Debug|x86.ActiveCfg = Debug|Win32
		{65CFEEC8-5A49-4CE4-A5AB-C718EAA86053}.Debug|x86.Build.0 = Debug|Win32
		{65CFEEC8-5A49-4CE4-A5AB-C718EAA86053}.Release|x64.ActiveCfg = Release|x64
		{65CFEEC8-5A49-4CE4-A5AB-C718EAA86053}.Release|x64.Build.0 = Release|x64
		{65CFEEC8-5A49-4CE4-A5AB-C718EAA86053}.Release|x86.ActiveCfg = Release|Win32
		{65CFEEC8-5A49-4CE4-A5AB-C718EAA86053}.Release|x86.Build.0 = Release|Win32
		{910873E3-EFAB-4A08-9B56-C8B545ADB58C}.Debug|x64.ActiveCfg = Debug|x64
		{910873E3-EFAB-4A08-9B56-C8B545ADB58C}.Debug|x64.Build.0 = Debug|x64
		{910873E3-EFAB-4A08-9B56-C8B545ADB58C}.Debug|x86.ActiveCfg = Debug|Win32
		{910873E3-EFAB-4A08-9B56-C8B545ADB58C}.Debug|x86.Build.0 = Debug|Win32
		{910873E3-EFAB-4A08-9B56-C8B545ADB58C}.Release|x64.ActiveCfg = Release|x64
		{910873E3-EFAB-4A08-9B56-C8B545ADB58C}.Release|x64.Build.0 = Release|x64
		{910873E3-EFAB-4A08-9B56-C8B545ADB58C}.Release|x86.ActiveCfg = Release|Win32
		{910873E3-EFAB-4A08-9B56-C8B545ADB58C}.Release|x86.Build.0 = Release|Win32
		{ABAC7D29-37A4-49EC-A5D7-CE937F842842}.Debug|x64.ActiveCfg = Debug|x64
		{ABAC7D29-37A4-49EC-A5D7-CE937F842842}.Debug|x64.Build.0 = Debug|x64
		{ABAC7D29-37A4-49EC-A5D7-CE937F842842}.Debug|x86.ActiveCfg = Debug|Win32
		{ABAC7D29-37A4-49EC-A5D7-CE937F842842}.Debug|x86.Build.0 = Debug|Win32
		{ABAC7D29-37A4-49EC-A5D7-CE937F842842}.Release|x64.ActiveCfg = Release|x64
		{ABAC7D29-37A4-49EC-A5D7-CE937F842842}.Release|x64.Build.0 = Release|x64
		{ABAC7D29-37A4-49EC-A5D7-CE937F842842}.Release|x86.ActiveCfg = Release|Win32
		{ABAC7D29-37A4-49EC-A5D7-CE937F842842}.Release|x86.Build.0 = Release|Win32
		{1FF0008F-5051-4EAC-AC6A-00027867EEFB}.Debug|x64.ActiveCfg = Debug|x64
		{1FF0008F-5051-4EAC-AC6A-00027867EEFB}.Debug|x64.Build.0 = Debug|x64
		{1FF0008F-5051-4EAC-AC6A-00027867EEFB}.Debug|x86.ActiveCfg = Debug|Win32
		{1FF0008F-5051-4EAC-AC6A-00027867EEFB}.Debug|x86.Build.0 = Debug|Win32
		{1FF0008F-5051-4EAC-AC6A-00027867EEFB}.Release|x64.ActiveCfg = Release|x64
		{1FF0008F-5051-4EAC-AC6A-00027867EEFB}.Release|x64.Build.0 = Release|x64
		{1FF0008F-5051-4EAC-AC6A-00027867EEFB}.Release|x86.ActiveCfg = Release|Win32
		{1FF0008F-5051-4EAC-AC6A-00027867EEFB}.Release|x86.Build.0 = Release|Win32
		{D0BD99C9-D2DF-411A-817D-069E2824D0E3}.Debug|x64.ActiveCfg = Debug|x64
		{D0BD99C9-D2DF-411A-817D-069E2824D0E3}.Debug|x64.Build.0 = Debug|x64
		{D0BD99C9-D2DF-411A-817D-069E2824D0E3}.Debug|x86.ActiveCfg = Debug|Win32
		{D0BD99C9-D2DF-411A-817D-069E2824D0E3}.Debug|x86.Build.0 = Debug|Win32
		{D0BD99C9-D2DF-411A-817D-069E2824D0E3}.Release|x64.ActiveCfg = Release|x64
		{D0BD99C9-D2DF-411A-817D-069E2824D0E3}.Release|x64.Build.0 = Release|x64
		{D0BD99C9-D2DF-411A-817D-069E2824D0E3}.Release|x86.ActiveCfg = Release|Win32
		{D0BD99C9-D2DF-411A-817D-069E2824D0E3}.Release|x86.Build.0 = Release|Win32
		{BABEC44C-837D-4299-8C62-0D8FA2F6B3AF}.Debug|x64.ActiveCfg = Debug|x64
		{BABEC44C-837D-4299-8C62-0D8FA2F6B3AF}.Debug|x64.Build.0 = Debug|x64
		{BABEC44C-837D-4299-8C62-0D8FA2F6B3AF}.Debug|x86.ActiveCfg = Debug|Win32
		{BABEC44C-837D-4299-8C62-0D8FA2F6B3AF}.Debug|x86.Build.0 = Debug|Win32
		{BABEC44C-837D-4299-8C62-0D8FA2F6B3AF}.Release|x64.ActiveCfg = Release|x64
		{BABEC44C-837D-4299-8C62-0D8FA2F6B3AF}.Release|x64.Build.0 = Release|x64
		{BABEC44C-837D-4299-8C62-0D8FA2F6B3AF}.Release|x86.ActiveCfg = Release|Win32
		{BABEC44C-837D-4299-8C62-0D8FA2F6B3AF}.Release|x86.Build.0 = Release|Win32
		{474A9DA4-FE2A-42DB-B25C-45BF54B13CAC}.Debug|x64.ActiveCfg = Debug|x64
		{474A9DA4-FE2A-42DB-B25C-45BF54B13CAC}.Debug|x64.Build.0 = Debug|x64
		{474A9DA4-FE2A-42DB-B25C-45BF54B13CAC}.Debug|x86.ActiveCfg = Debug|Win32
		{474A9DA4-FE2A-42DB-B25C-45BF54B13CAC}.Debug|x86.Build.0 = Debug|Win32
		{474A9DA4-FE2A-42DB-B25C-45BF54B13CAC}.Release|x64.ActiveCfg = Release|x64
		{474A9DA4-FE2A-42DB-B25C-45BF54B13CAC}.Release|x64.Build.0 = Release|x64
		{474A9DA4-FE2A-42DB-B25C-45BF54B13CAC}.Release|x86.ActiveCfg = Release|Win32
		{474A9DA4-FE2A-42DB-B25C-45BF54B13CAC}.Release|x86.Build.0 = Release|Win32
		{2B2F15EC-F317-484A-ADAD-540592C08B7A}.Debug|x64.ActiveCfg = Debug|x64
		{2B2F15EC-F317-484A-ADAD-540592C08B7A}.Debug|x64.Build.0 = Debug|x64
		{2B2F15EC-F317-484A-ADAD-540592C08B7A}.Debug|x86.ActiveCfg = Debug|Win32
		{2B2F15EC-F317-484A-ADAD-540592C08B7A}.Debug|x86.Build.0 = Debug|Win32
		{2B2F15EC-F317-484A-ADAD-540592C08B7A}.Release|x64.ActiveCfg = Release|x64
		{2B2F15EC-F317-484A-ADAD-540592C08B7A}.Release|x64.Build.0 = Release|x64
		{2B2F15EC-F317-484A-ADAD-540592C08B7A}.Release|x86.ActiveCfg = Release|Win32
		{2B2F15EC-F317-484A-ADAD-540592C08B7A}.Release|x86.Build.0 = Release|Win32
		{4A243563-A0AC-4642-89EB-BB5C2D561E01}.Debug|x64.ActiveCfg = Debug|x64
		{4A243563-A0AC-4642-89EB-BB5C2D561E01}.Debug|x64.Build.0 = Debug|x64
		{4A243563-A0AC-4642-89EB-BB5C2D561E01}.Debug|x86.ActiveCfg = Debug|Win32
		{4A243563-A0AC-4642-89EB-BB5C2D561E01}.Debug|x86.Build.0 = Debug|Win32
		{4A243563-A0AC-4642-89EB-BB5C2D561E01}.Release|x64.ActiveCfg = Release|x64
		{4A243563-A0AC-4642-89EB-BB5C2D561E01}.Release|x64.Build.0 = Release|x64
		{4A243563-A0AC-4642-89EB-BB5C2D561E01}.Release|x86.ActiveCfg = Release|Win32
		{4A243563-A0AC-4642-89EB-BB5C2D561E01}.Release|x86.Build.0 = Release|Win32
		{6595200A-3F0C-46CD-B9C0-E3C0935CEE61}.Debug|x64.ActiveCfg = Debug|x64
		{6595200A-3F0C-46CD-B9C0-E3C0935CEE61}.Debug|x64.Build.0 = Debug|x64
		{6595200A-3F0C-46CD-B9C0-E3C0935CEE61}.Debug|x86.ActiveCfg = Debug|Win32
		{6595200A-3F0C-46CD-B9C0-E3C0935CEE61}.Debug|x86.Build.0 = Debug|Win32
		{6595200A-3F0C-46CD-B9C0-E3C0935CEE61}.Release|x64.ActiveCfg = Release|x64
		{6595200A-3F0C-46CD-B9C0-E3C0935CEE61}.Release|x64.Build.0 = Release|x64
		{6595200A-3F0C-46CD-B9C0-E3C0935CEE61}.Release|x86.ActiveCfg = Release|Win32
		{6595200A-3F0C-46CD-B9C0-E3C0935CEE61}.Release|x86.Build.0 = Release|Win32
		{529327BB-139D-4089-9CAB-57E73BA91466}.Debug|x64.ActiveCfg = Debug|x64
		{529327BB-139D-4089-9CAB-57E73BA91466}.Debug|x64.Build.0 = Debug|x64
		{529327BB-139D-4089-9CAB-57E73BA91466}.Debug|x86.ActiveCfg = Debug|Win32
		{529327BB-139D-4089-9CAB-57E73BA91466}.Debug|x86.Build.0 = Debug|Win32
		{529327BB-139D-4089-9CAB-57E73BA91466}.Release|x64.ActiveCfg = Release|x64
		{529327BB-139D-4089-9CAB-57E73BA91466}.Release|x64.Build.0 = Release|x64
		{529327BB-139D-4089-9CAB-57E73BA91466}.Release|x86.ActiveCfg = Release|Win32
		{529327BB-139D-4089-9CAB-57E73BA91466}.Release|x86.Build.0 = Release|Win32
		{16AB5091-1616-469B-8886-A5E6FA12B86B}.Debug|x64.ActiveCfg = Debug|x64
		{16AB5091-1616-469B-8886-A5E6FA12B86B}.Debug|x64.Build.0 = Debug|x64
		{16AB5091-1616-469B-8886-A5E6FA12B86B}.Debug|x86.ActiveCfg = Debug|Win32
		{16AB5091-1616-469B-8886-A5E6FA12B86B}.Debug|x86.Build.0 = Debug|Win32
		{16AB5091-1616-469B-8886-A5E6FA12B86B}.Release|x64.ActiveCfg = Release|x64
		{16AB5091-1616-469B-8886-A5E6FA12B86B}.Release|x64.Build.0 = Release|x64
		{16AB5091-1616-469B-8886-A5E6FA12B86B}.Release|x86.ActiveCfg = Release|Win32
		{16AB5091-1616-469B-8886-A5E6FA12B86B}.Release|x86.Build.0 = Release|Win32
		{BEA9AF5D-6C66-482B-AB20-270259BA3889}.Debug|x64.ActiveCfg = Debug|x64
		{BEA9AF5D-6C66-482B-AB20-270259BA3889}.Debug|x64.Build.0 = Debug|x64
		{BEA9AF5D-6C66-482B-AB20-270259BA3889}.Debug|x86.ActiveCfg = Debug|Win32
		{BEA9AF5D-6C66-482B-AB20-270259BA3889}.Debug|x86.Build.0 = Debug|Win32
		{BEA9AF5D-6C66-482B-AB20-270259BA3889}.Release|x64.ActiveCfg = Release|x64
		{BEA9AF5D-6C66-482B-AB20-270259BA3889}.Release|x64.Build.0 = Release|x64
		{BEA9AF5D-6C66-482B-AB20-270259BA3889}.Release|x86.ActiveCfg = Release|Win32
		{BEA9AF5D-6C66-482B-AB20-270259BA3889}.Release|x86.Build.0 = Release|Win32
		{907158E0-7E44-4733-914A-68BEB0D3E34D}.Debug|x64.ActiveCfg = Debug|x64
		{907158E0-7E44-4733-914A-68BEB0D3E34D}.Debug|x64.Build.0 = Debug|x64
		{907158E0-7E44-4733-914A-68BEB0D3E34D}.Debug|x86.ActiveCfg = Debug|Win32
		{907158E0-7E44-4733-914A-68BEB0D3E34D}.Debug|x86.Build.0 = Debug|Win32
		{907158E0-7E44-4733-914A-68BEB0D3E34D}.Release|x64.ActiveCfg = Release|x64
		{907158E0-7E44-4733-914A-68BEB0D3E34D}.Release|x64.Build.0 = Release|x64
		{907158E0-7E44-4733-914A-68BEB0D3E34D}.Release|x86.ActiveCfg = Release|Win32
		{907158E0-7E44-4733-914A-68BEB0D3E34D}.Release|x86.Build.0 = Release|Win32
		{1C0A5F81-614E-4963-B8C5-95E7CD03CA0D}.Debug|x64.ActiveCfg = Debug|x64
		{1C0A5F81-614E-4963-B8C5-95E7CD03CA0D}.Debug|x64.Build.0 = Debug|x64
		{1C0A5F81-614E-4963-B8C5-95E7CD03CA0D}.Debug|x86.ActiveCfg = Debug|Win32
		{1C0A5F81-614E-4963-B8C5-95E7CD03CA0D}.Debug|x86.Build.0 = Debug|Win32
		{1C0A5F81-614E-4963-B8C5-95E7CD03CA0D}.Release|x64.ActiveCfg = Release|x64
		{1C0A5F81-614E-4963-B8C5-95E7CD03CA0D}.Release|x64.Build.0 = Release|x64
		{1C0A5F81-614E-4963-B8C5-95E7CD03CA0D}.Release|x86.ActiveCfg = Release|Win32
		{1C0A5F81-614E-4963-B8C5-95E7CD03CA0D}.Release|x86.Build.0 = Release|Win32
		{25ED8AA0-8757-4453-B2D7-19EB403DD06D}.Debug|x64.ActiveCfg = Debug|x64
		{25ED8AA0-8757-4453-B2D7-19EB403DD06D}.Debug|x64.Build.0 = Debug|x64
		{25ED8AA0-8757-4453-B2D7-19EB403DD06D}.Debug|x86.ActiveCfg = Debug|Win32
		{25ED8AA0-8757-4453-B2D7-19EB403DD06D}.Debug|x86.Build.0 = Debug|Win32
		{25ED8AA0-8757-4453-B2D7-19EB403DD06D}.Release|x64.ActiveCfg = Release|x64
		{25ED8AA0-8757-4453-B2D7-19EB403DD06D}.Release|x64.Build.0 = Release|x64
		{25ED8AA0-8757-4453-B2D7-19EB403DD06D}.Release|x86.ActiveCfg = Release|Win32
		{25ED8AA0-8757-4453-B2D7-19EB403DD06D}.Release|x86.Build.0 = Release|Win32
		{E6EF9AAD-45EE-410D-9DDD-77231C6ED155}.Debug|x64.ActiveCfg = Debug|x64
		{E6EF9AAD-45EE-410D-9DDD-77231C6ED155}.Debug|x64.Build.0 = Debug|x64
		{E6EF9AAD-45EE-410D-9DDD-77231C6ED155}.Debug|x86.ActiveCfg = Debug|Win32
		{E6EF9AAD-45EE-410D-9DDD-77231C6ED155}.Debug|x86.Build.0 = Debug|Win32
		{E6EF9AAD-45EE-410D-9DDD-77231C6ED155}.Release|x64.ActiveCfg = Release|x64
		{E6EF9AAD-45EE-410D-9DDD-77231C6ED155}.Release|x64.Build.0 = Release|x64
		{E6EF9AAD-45EE-410D-9DDD-77231C6ED155}.Release|x86.ActiveCfg = Release|Win32
		{E6EF9AAD-45EE-410D-9DDD-77231C6ED155}.Release|x86.Build.0 = Release|Win32
		{A52FB04F-EA29-40D6-B7DA-4C80D74D6DBB}.Debug|x64.ActiveCfg = Debug|x64
		{A52FB04F-EA29-40D6-B7DA-4C80D74D6DBB}.Debug|x64.Build.0 = Debug|x64
		{A52FB04F-EA29-40D6-B7DA-4C80D74D6DBB}.Debug|x86.ActiveCfg = Debug|Win32
		{A52FB04F-EA29-40D6-B7DA-4C80D74D6DBB}.Debug|x86.Build.0 = Debug|Win32
		{A52FB04F-EA29-40D6-B7DA-4C80D74D6DBB}.Release|x64.ActiveCfg = Release|x64
		{A52FB04F-EA29-40D6-B7DA-4C80D74D6DBB}.Release|x64.Build.0 = Release|x64
		{A52FB04F-EA29-40D6-B7DA-4C80D74D6DBB}.Release|x86.ActiveCfg = Release|Win32
		{A52FB04F-EA29-40D6-B7DA-4C80D74D6DBB}.Release|x86.Build.0 = Release|Win32
		{64B7BDBD-8E68-4E96-9FFE-82F620875E4A}.Debug|x64.ActiveCfg = Debug|x64
		{64B7BDBD-8E68-4E96-9FFE-82F620875E4A}.Debug|x64.Build.0 = Debug|x64
		{64B7BDBD-8E68-4E96-9FFE-82F620875E4A}.Debug|x86.ActiveCfg = Debug|Win32
		{64B7BDBD-8E68-4E96-9FFE-82F620875E4A}.Debug|x86.Build.0 = Debug|Win32
		{64B7BDBD-8E68-4E96-9FFE-82F620875E4A}.Release|x64.ActiveCfg = Release|x64
		{64B7BDBD-8E68-4E96-9FFE-82F620875E4A}.Release|x64.Build.0 = Release|x64
		{64B7BDBD-8E68-4E96-9FFE-82F620875E4A}.Release|x86.ActiveCfg = Release|Win32
		{64B7BDBD-8E68-4E96-9FFE-82F620875E4A}.Release|x86.Build.0 = Release|Win32
		{019635DF-CC1B-444A-A9B8-28D8FFABD100}.Debug|x64.ActiveCfg = Debug|x64
		{019635DF-CC1B-444A-A9B8-28D8FFABD100}.Debug|x64.Build.0 = Debug|x64
		{019635DF-CC1B-444A-A9B8-28D8FFABD100}.Debug|x86.ActiveCfg = Debug|Win32
		{019635DF-CC1B-444A-A9B8-28D8FFABD100}.Debug|x86.Build.0 = Debug|Win32
		{019635DF-CC1B-444A-A9B8-28D8FFABD100}.Release|x64.ActiveCfg = Release|x64
		{019635DF-CC1B-444A-A9B8-28D8FFABD100}.Release|x64.Build.0 = Release|x64
		{019635DF-CC1B-444A-A9B8-28D8FFABD100}.Release|x86.ActiveCfg = Release|Win32
		{019635DF-CC1B-444A-A9B8-28D8FFABD100}.Release|x86.Build.0 = Release|Win32
		{D2E19ED0-7D10-4547-882F-68A3A79DF95D}.Debug|x64.ActiveCfg = Debug|x64
		{D2E19ED0-7D10-4547-882F-68A3A79DF95D}.Debug|x64.Build.0 = Debug|x64
		{D2E19ED0-7D10-4547-882F-68A3A79DF95D}.Debug|x86.ActiveCfg = Debug|Win32
		{D2E19ED0-7D10-4547-882F-68A3A79DF95D}.Debug|x86.Build.0 = Debug|Win32
		{D2E19ED0-7D10-4547-882F-68A3A79DF95D}.Release|x64.ActiveCfg = Release|x64
		{D2E19ED0-7D10-4547-882F-68A3A79DF95D}.Release|x64.Build.0 = Release|x64
		{D2E19ED0-7D10-4547-882F-68A3A79DF95D}.Release|x86.ActiveCfg = Release|Win32
		{D2E19ED0-7D10-4547-882F-68A3A79DF95D}.Release|x86.Build.0 = Release|Win32
		{9381A24F-9224-4520-8654-17382DAF5231}.Debug|x64.ActiveCfg = Debug|x64
		{9381A24F-9224-4520-8654-17382DAF5231}.Debug|x64.Build.0 = Debug|x64
		{9381A24F-9224-4520-8654-17382DAF5231}.Debug|x86.ActiveCfg = Debug|Win32
		{9381A24F-9224-4520-8654-17382DAF5231}.Debug|x86.Build.0 = Debug|Win32
		{9381A24F-9224-4520-8654-17382DAF5231}.Release|x64.ActiveCfg = Release|x64
		{9381A24F-9224-4520-8654-17382DAF5231}.Release|x64.Build.0 = Release|x64
		{9381A24F-9224-4520-8654-17382DAF5231}.Release|x86.ActiveCfg = Release|Win32
		{9381A24F-9224-4520-8654-17382DAF5231}.Release|x86.Build.0 = Release|Win32
		{93659128-6A7C-4783-B17E-F7DC70C37062}.Debug|x64.ActiveCfg = Debug|x64
		{93659128-6A7C-4783-B17E-F7DC70C37062}.Debug|x64.Build.0 = Debug|x64
		{93659128-6A7C-4783-B17E-F7DC70C37062}.Debug|x86.ActiveCfg = Debug|Win32
		{93659128-6A7C-4783-B17E-F7DC70C37062}.Debug|x86.Build.0 = Debug|Win32
		{93659128-6A7C-4783-B17E-F7DC70C37062}.Release|x64.ActiveCfg = Release|x64
		{93659128-6A7C-4783-B17E-F7DC70C37062}.Release|x64.Build.0 = Release|x64
		{93659128-6A7C-4783-B17E-F7DC70C37062}.Release|x86.ActiveCfg = Release|Win32
		{93659128-6A7C-4783-B17E-F7DC70C37062}.Release|x86.Build.0 = Release|Win32
		{681E1DC1-5E57-4DF8-818D-EB8464E8718C}.Debug|x64.ActiveCfg = Debug|x64
		{681E1DC1-5E57-4DF8-818D-EB8464E8718C}.Debug|x64.Build.0 = Debug|x64
		{681E1DC1-5E57-4DF8-818D-EB8464E8718C}.Debug|x86.ActiveCfg = Debug|Win32
		{681E1DC1-5E57-4DF8-818D-EB8464E8718C}.Debug|x86.Build.0 = Debug|Win32
		{681E1DC1-5E57-4DF8-818D-EB8464E8718C}.Release|x64.ActiveCfg = Release|x64
		{681E1DC1-5E57-4DF8-818D-EB8464E8718C}.Release|x64.Build.0 = Release|x64
		{681E1DC1-5E57-4DF8-818D-EB8464E8718C}.Release|x86.ActiveCfg = Release|Win32
		{681E1DC1-5E57-4DF8-818D-EB8464E8718C}.Release|x86.Build.0 = Release|Win32
		{854BD8B7-6BE6-4D24-8024-B104A450541D}.Debug|x64.ActiveCfg = Debug|x64
		{854BD8B7-6BE6-4D24-8024-B104A450541D}.Debug|x64.Build.0 = Debug|x64
		{854BD8B7-6BE6-4D24-8024-B104A450541D}.Debug|x86.ActiveCfg = Debug|Win32
		{854BD8B7-6BE6-4D24-8024-B104A450541D}.Debug|x86.Build.0 = Debug|Win32
		{854BD8B7-6BE6-4D24-8024-B104A450541D}.Release|x64.ActiveCfg = Release|x64
		{854BD8B7-6BE6-4D24-8024-B104A450541D}.Release|x64.Build.0 = Release|x64
		{854BD8B7-6BE6-4D24-8024-B104A450541D}.Release|x86.ActiveCfg = Release|Win32
		{854BD8B7-6BE6-4D24-8024-B104A450541D}.Release|x86.Build.0 = Release|Win32
		{023F8F32-9A37-4195-847D-D53D3BD69534}.Debug|x64.ActiveCfg = Debug|x64
		{023F8F32-9A37-4195-847D-D53D3BD69534}.Debug|x64.Build.0 = Debug|x64
		{023F8F32-9A37-4195-847D-D53D3BD69534}.Debug|x86.ActiveCfg = Debug|Win32
		{023F8F32-9A37-4195-847D-D53D3BD69534}.Debug|x86.Build.0 = Debug|Win32
		{023F8F32-9A37-4195-847D-D53D3BD69534}.Release|x64.ActiveCfg = Release|x64
		{023F8F32-9A37-4195-847D-D53D3BD69534}.Release|x64.Build.0 = Release|x64
		{023F8F32-9A37-4195-847D-D53D3BD69534}.Release|x86.ActiveCfg = Release|Win32
		{023F8F32-9A37-4195-847D-D53D3BD69534}.Release|x86.Build.0 = Release|Win32
		{80F357CB-2A7F-4741-9EE4-EACDF9A2D3B2}.Debug|x64.ActiveCfg = Debug|x64
		{80F357CB-2A7F-4741-9EE4-EACDF9A2D3B2}.Debug|x64.Build.0 = Debug|x64
		{80F357CB-2A7F-4741-9EE4-EACDF9A2D3B2}.Debug|x86.ActiveCfg = Debug|Win32
		{80F357CB-2A7F-4741-9EE4-EACDF9A2D3B2}.Debug|x86.Build.0 = Debug|Win32
		{80F357CB-2A7F-4741-9EE4-EACDF9A2D3B2}.Release|x64.ActiveCfg = Release|x64
		{80F357CB-2A7F-4741-9EE4-EACDF9A2D3B2}.Release|x64.Build.0 = Release|x64
		{80F357CB-2A7F-4741-9EE4-EACDF9A2D3B2}.Release|x86.ActiveCfg = Release|Win32
		{80F357CB-2A7F-4741-9EE4-EACDF9A2D3B2}.Release|x86.Build.0 = Release|Win32
		{22F58465-E4B6-4223-AD95-A07B52552AAB}.Debug|x64.ActiveCfg = Debug|x64
		{22F58465-E4B6-4223-AD95-A07B52552AAB}.Debug|x64.Build.0 = Debug|x64
		{22F58465-E4B6-4223-AD95-A07B52552AAB}.Debug|x86.ActiveCfg = Debug|Win32
		{22F58465-E4B6-4223-AD95-A07B52552AAB}.Debug|x86.Build.0 = Debug|Win32
		{22F58465-E4B6-4223-AD95-A07B52552AAB}.Release|x64.ActiveCfg = Release|x64
		{22F58465-E4B6-4223-AD95-A07B52552AAB}.Release|x64.Build.0 = Release|x64
		{22F58465-E4B6-4223-AD95-A07B52552AAB}.Release|x86.ActiveCfg = Release|Win32
		{22F58465-E4B6-4223-AD95-A07B52552AAB}.Release|x86.Build.0 = Release|Win32
		{EC70B529-17B7-4D6C-A74A-1660D180417A}.Debug|x64.ActiveCfg = Debug|x64
		{EC70B529-17B7-4D6C-A74A-1660D180417A}.Debug|x64.Build.0 = Debug|x64
		{EC70B529-17B7-4D6C-A74A-1660D180417A}.Debug|x86.ActiveCfg = Debug|Win32
		{EC70B529-17B7-4D6C-A74A-1660D180417A}.Debug|x86.Build.0 = Debug|Win32
		{EC70B529-17B7-4D6C-A74A-1660D180417A}.Release|x64.ActiveCfg = Release|x64
		{EC70B529-17B7-4D6C-A74A-1660D180417A}.Release|x64.Build.0 = Release|x64
		{EC70B529-17B7-4D6C-A74A-1660D180417A}.Release|x86.ActiveCfg = Release|Win32
		{EC70B529-17B7-4D6C-A74A-1660D180417A}.Release|x86.Build.0 = Release|Win32
		{504EAE28-3ACC-42F7-B06F-30002B829300}.Debug|x64.ActiveCfg = Debug|x64
		{504EAE28-3ACC-42F7-B06F-30002B829300}.Debug|x64.Build.0 = Debug|x64
		{504EAE28-3ACC-42F7-B06F-30002B829300}.Debug|x86.ActiveCfg = Debug|Win32
		{504EAE28-3ACC-42F7-B06F-30002B829300}.Debug|x86.Build.0 = Debug|Win32
		{504EAE28-3ACC-42F7-B06F-30002B829300}.Release|x64.ActiveCfg = Release|x64
		{504EAE28-3ACC-42F7-B06F-30002B829300}.Release|x64.Build.0 = Release|x64
		{504EAE28-3ACC-42F7-B06F-30002B829300}.Release|x86.ActiveCfg = Release|Win32
		{504EAE28-3ACC-42F7-B06F-30002B829300}.Release|x86.Build.0 = Release|Win32
		{459DAC5A-E83A-45CD-AD7C-F07607BBB238}.Debug|x64.ActiveCfg = Debug|x64
		{459DAC5A-E83A-45CD-AD7C-F07607BBB238}.Debug|x64.Build.0 = Debug|x64
		{459DAC5A-E83A-45CD-AD7C-F07607BBB238}.Debug|x86.ActiveCfg = Debug|Win32
		{459DAC5A-E83A-45CD-AD7C-F07607BBB238}.Debug|x86.Build.0 = Debug|Win32
		{459DAC5A-E83A-45CD-AD7C-F07607BBB238}.Release|x64.ActiveCfg = Release|x64
		{459DAC5A-E83A-45CD-AD7C-F07607BBB238}.Release|x64.Build.0 = Release|x64
		{459DAC5A-E83A-45CD-AD7C-F07607BBB238}.Release|x86.ActiveCfg = Release|Win32
		{459DAC5A-E83A-45CD-AD7C-F07607BBB238}.Release|x86.Build.0 = Release|Win32
		{BF48D8A2-F51D-46C2-B41E-5DFE72BA17F6}.Debug|x64.ActiveCfg = Debug|x64
		{BF48D8A2-F51D-46C2-B41E-5DFE72BA17F6}.Debug|x64.Build.0 = Debug|x64
		{BF48D8A2-F51D-46C2-B41E-5DFE72BA17F6}.Debug|x86.ActiveCfg = Debug|Win32
		{BF48D8A2-F51D-46C2-B41E-5DFE72BA17F6}.Debug|x86.Build.0 = Debug|Win32
		{BF48D8A2-F51D-46C2-B41E-5DFE72BA17F6}.Release|x64.ActiveCfg = Release|x64
		{BF48D8A2-F51D-46C2-B41E-5DFE72BA17F6}.Release|x64.Build.0 = Release|x64
		{BF48D8A2-F51D-46C2-B41E-5DFE72BA17F6}.Release|x86.ActiveCfg = Release|Win32
		{BF48D8A2-F51D-46C2-B41E-5DFE72BA17F6}.Release|x86.Build.0 = Release|Win32
		{4DDB3856-3B5E-422D-8356-1EECD97FA8DD}.Debug|x64.ActiveCfg = Debug|x64
		{4DDB3856-3B5E-422D-8356-1EECD97FA8DD}.Debug|x64.Build.0 = Debug|x64
		{4DDB3856-3B5E-422D-8356-1EECD97FA8DD}.Debug|x86.ActiveCfg = Debug|Win32
		{4DDB3856-3B5E-422D-8356-1EECD97FA8DD}.Debug|x86.Build.0 = Debug|Win32
		{4DDB3856-3B5E-422D-8356-1EECD97FA8DD}.Release|x64.ActiveCfg = Release|x64
		{4DDB3856-3B5E-422D-8356-1EECD97FA8DD}.Release|x64.Build.0 = Release|x64
		{4DDB3856-3B5E-422D-8356-1EECD97FA8DD}.Release|x86.ActiveCfg = Release|Win32
		{4DDB3856-3B5E-422D-8356-1EECD97FA8DD}.Release|x86.Build.0 = Release|Win32
		{5C291FE0-2994-4B6A-92A6-3815CC9CA528}.Debug|x64.ActiveCfg = Debug|x64
		{5C291FE0-2994-4B6A-92A6-3815CC9CA528}.Debug|x64.Build.0 = Debug|x64
		{5C291FE0-2994-4B6A-92A6-3815CC9CA528}.Debug|x86.ActiveCfg = Debug|Win32
		{5C291FE0-2994-4B6A-92A6-3815CC9CA528}.Debug|x86.Build.0 = Debug|Win32
		{5C291FE0-2994-4B6A-92A6-3815CC9CA528}.Release|x64.ActiveCfg = Release|x64
		{5C291FE0-2994-4B6A-92A6-3815CC9CA528}.Release|x64.Build.0 = Release|x64
		{5C291FE0-2994-4B6A-92A6-3815CC9CA528}.Release|x86.ActiveCfg = Release|Win32
		{5C291FE0-2994-4B6A-92A6-3815CC9CA528}.Release|x86.Build.0 = Release|Win32
		{87C7958C-A46A-496F-B8E1-739C72626BD1}.Debug|x64.ActiveCfg = Debug|x64
		{87C7958C-A46A-496F-B8E1-739C72626BD1}.Debug|x64.Build.0 = Debug|x64
		{87C7958C-A46A-496F-B8E1-739C72626BD1}.Debug|x86.ActiveCfg = Debug|Win32
		{87C7958C-A46A-496F-B8E1-739C72626BD1}.Debug|x86.Build.0 = Debug|Win32
		{87C7958C-A46A-496F-B8E1-739C72626BD1}.Release|x64.ActiveCfg = Release|x64
		{87C7958C-A46A-496F-B8E1-739C72626BD1}.Release|x64.Build.0 = Release|x64
		{87C7958C-A46A-496F-B8E1-739C72626BD1}.Release|x86.ActiveCfg = Release|Win32
		{87C7958C-A46A-496F-B8E1-739C72626BD1}.Release|x86.Build.0 = Release|Win32
		{4273AEBB-277C-487C-9885-9A868370C417}.Debug|x64.ActiveCfg = Debug|x64
		{4273AEBB-277C-487C-9885-9A868370C417}.Debug|x64.Build.0 = Debug|x64
		{4273AEBB-277C-487C-9885-9A868370C417}.Debug|x86.ActiveCfg = Debug|Win32
		{4273AEBB-277C-487C-9885-9A868370C417}.Debug|x86.Build.0 = Debug|Win32
		{4273AEBB-277C-487C-9885-9A868370C417}.Release|x64.ActiveCfg = Release|x64
		{4273AEBB-277C-487C-9885-9A868370C417}.Release|x64.Build.0 = Release|x64
		{4273AEBB-277C-487C-9885-9A868370C417}.Release|x86.ActiveCfg = Release|Win32
		{4273AEBB-277C-487C-9885-9A868370C417}.Release|x86.Build.0 = Release|Win32
		{E406DD49-E744-4BEA-A23B-A59DF1BA8C9B}.Debug|x64.ActiveCfg = Debug|x64
		{E406DD49-E744-4BEA-A23B-A59DF1BA8C9B}.Debug|x64.Build.0 = Debug|x64
		{E406DD49-E744-4BEA-A23B-A59DF1BA8C9B}.Debug|x86.ActiveCfg = Debug|Win32
		{E406DD49-E744-4BEA-A23B-A59DF1BA8C9B}.Debug|x86.Build.0 = Debug|Win32
		{E406DD49-E744-4BEA-A23B-A59DF1BA8C9B}.Release|x64.ActiveCfg = Release|x64
		{E406DD49-E744-4BEA-A23B-A59DF1BA8C9B}.Release|x64.Build.0 = Release|x64
		{E406DD49-E744-4BEA-A23B-A59DF1BA8C9B}.Release|x86.ActiveCfg = Release|Win32
		{E406DD49-E744-4BEA-A23B-A59DF1BA8C9B}.Release|x86.Build.0 = Release|Win32
		{CBE2C076-2A2A-4CC9-B120-8E0154403E8D}.Debug|x64.ActiveCfg = Debug|x64
		{CBE2C076-2A2A-4CC9-B120-8E0154403E8D}.Debug|x64.Build.0 = Debug|x64
		{CBE2C076-2A2A-4CC9-B120-8E0154403E8D}.Debug|x86.ActiveCfg = Debug|Win32
		{CBE2C076-2A2A-4CC9-B120-8E0154403E8D}.Debug|x86.Build.0 = Debug|Win32
		{CBE2C076-2A2A-4CC9-B120-8E0154403E8D}.Release|x64.ActiveCfg = Release|x64
		{CBE2C076-2A2A-4CC9-B120-8E0154403E8D}.Release|x64.Build.0 = Release|x64
		{CBE2C076-2A2A-4CC9-B120-8E0154403E8D}.Release|x86.ActiveCfg = Release|Win32
		{CBE2C076-2A2A-4CC9-B120-8E0154403E8D}.Release|x86.Build.0 = Release|Win32
		{EB253D50-AEF1-4F36-8563-F92B6EC09878}.Debug|x64.ActiveCfg = Debug|x64
		{EB253D50-AEF1-4F36-8563-F92B6EC09878}.Debug|x64.Build.0 = Debug|x64
		{EB253D50-AEF1-4F36-8563-F92B6EC09878}.Debug|x86.ActiveCfg = Debug|Win32
		{EB253D50-AEF1-4F36-8563-F92B6EC09878}.Debug|x86.Build.0 = Debug|Win32
		{EB253D50-AEF1-4F36-8563-F92B6EC09878}.Release|x64.ActiveCfg = Release|x64
		{EB253D50-AEF1-4F36-8563-F92B6EC09878}.Release|x64.Build.0 = Release|x64
		{EB253D50-AEF1-4F36-8563-F92B6EC09878}.Release|x86.ActiveCfg = Release|Win32
		{EB253D50-AEF1-4F36-8563-F92B6EC09878}.Release|x86.Build.0 = Release|Win32
	EndGlobalSection
	GlobalSection(SolutionProperties) = preSolution
		HideSolutionNode = FALSE
	EndGlobalSection
	GlobalSection(ExtensibilityGlobals) = postSolution
		SolutionGuid = {CE1B568D-817C-46D6-B137-77E7913B71CE}
	EndGlobalSection
EndGlobal
