
Microsoft Visual Studio Solution File, Format Version 12.00
# Visual Studio Version 17
VisualStudioVersion = 17.7.34031.279
MinimumVisualStudioVersion = 10.0.40219.1
Project("{8BC9CEB8-8B4A-11D0-8D11-00A0C91BC942}") = "PhanChiaBaiTap", "PhanChiaBaiTap\PhanChiaBaiTap.vcxproj", "{C1D214D0-0F15-4188-858C-2095FD53B081}"
EndProject
Project("{8BC9CEB8-8B4A-11D0-8D11-00A0C91BC942}") = "Bai002", "Bai002\Bai002.vcxproj", "{66C3DE3F-95BA-489B-8A2C-F01398DFFA0A}"
EndProject
Project("{8BC9CEB8-8B4A-11D0-8D11-00A0C91BC942}") = "Bai008", "Bai008\Bai008.vcxproj", "{4BED8054-BA19-417C-BF7E-1C5A134136AA}"
EndProject
Project("{8BC9CEB8-8B4A-11D0-8D11-00A0C91BC942}") = "Bai014", "Bai014\Bai014.vcxproj", "{D9115FBE-E1D7-4702-BE83-718C01C317E4}"
EndProject
Project("{8BC9CEB8-8B4A-11D0-8D11-00A0C91BC942}") = "Bai020", "Bai020\Bai020.vcxproj", "{BF21E062-F251-4AC1-B6C2-31FAA14E905D}"
EndProject
Project("{8BC9CEB8-8B4A-11D0-8D11-00A0C91BC942}") = "Bai026", "Bai026\Bai026.vcxproj", "{90748881-5CB8-41B5-9E47-DE01891591B8}"
EndProject
Project("{8BC9CEB8-8B4A-11D0-8D11-00A0C91BC942}") = "Bai032", "Bai032\Bai032.vcxproj", "{84E67167-B9BA-430A-9F97-0ABBBC7B1760}"
EndProject
Project("{8BC9CEB8-8B4A-11D0-8D11-00A0C91BC942}") = "Bai038", "Bai038\Bai038.vcxproj", "{D912393D-3F0F-4B56-9A99-F0CE309D21F4}"
EndProject
Project("{8BC9CEB8-8B4A-11D0-8D11-00A0C91BC942}") = "Bai044", "Bai044\Bai044.vcxproj", "{14A0397A-4AEB-454C-BB61-8B8078DD5359}"
EndProject
Project("{8BC9CEB8-8B4A-11D0-8D11-00A0C91BC942}") = "Bai050", "Bai050\Bai050.vcxproj", "{CB6175BC-5AFD-4D91-82D4-59A2735AFA0A}"
EndProject
Project("{8BC9CEB8-8B4A-11D0-8D11-00A0C91BC942}") = "Bai056", "Bai056\Bai056.vcxproj", "{8E230746-46C5-4894-8253-9206F26EADDC}"
EndProject
Project("{8BC9CEB8-8B4A-11D0-8D11-00A0C91BC942}") = "Bai062", "Bai062\Bai062.vcxproj", "{BA808A20-557B-49A0-87BE-A3F1FDC3BAEB}"
EndProject
Project("{8BC9CEB8-8B4A-11D0-8D11-00A0C91BC942}") = "Bai068", "Bai068\Bai068.vcxproj", "{5C467C31-6711-4CEF-957A-DD4FEDA6DA3E}"
EndProject
Project("{8BC9CEB8-8B4A-11D0-8D11-00A0C91BC942}") = "Bai074", "Bai074\Bai074.vcxproj", "{9C6D4A20-DFC6-40CB-9508-7B2D236959A1}"
EndProject
Global
	GlobalSection(SolutionConfigurationPlatforms) = preSolution
		Debug|x64 = Debug|x64
		Debug|x86 = Debug|x86
		Release|x64 = Release|x64
		Release|x86 = Release|x86
	EndGlobalSection
	GlobalSection(ProjectConfigurationPlatforms) = postSolution
		{C1D214D0-0F15-4188-858C-2095FD53B081}.Debug|x64.ActiveCfg = Debug|x64
		{C1D214D0-0F15-4188-858C-2095FD53B081}.Debug|x64.Build.0 = Debug|x64
		{C1D214D0-0F15-4188-858C-2095FD53B081}.Debug|x86.ActiveCfg = Debug|Win32
		{C1D214D0-0F15-4188-858C-2095FD53B081}.Debug|x86.Build.0 = Debug|Win32
		{C1D214D0-0F15-4188-858C-2095FD53B081}.Release|x64.ActiveCfg = Release|x64
		{C1D214D0-0F15-4188-858C-2095FD53B081}.Release|x64.Build.0 = Release|x64
		{C1D214D0-0F15-4188-858C-2095FD53B081}.Release|x86.ActiveCfg = Release|Win32
		{C1D214D0-0F15-4188-858C-2095FD53B081}.Release|x86.Build.0 = Release|Win32
		{66C3DE3F-95BA-489B-8A2C-F01398DFFA0A}.Debug|x64.ActiveCfg = Debug|x64
		{66C3DE3F-95BA-489B-8A2C-F01398DFFA0A}.Debug|x64.Build.0 = Debug|x64
		{66C3DE3F-95BA-489B-8A2C-F01398DFFA0A}.Debug|x86.ActiveCfg = Debug|Win32
		{66C3DE3F-95BA-489B-8A2C-F01398DFFA0A}.Debug|x86.Build.0 = Debug|Win32
		{66C3DE3F-95BA-489B-8A2C-F01398DFFA0A}.Release|x64.ActiveCfg = Release|x64
		{66C3DE3F-95BA-489B-8A2C-F01398DFFA0A}.Release|x64.Build.0 = Release|x64
		{66C3DE3F-95BA-489B-8A2C-F01398DFFA0A}.Release|x86.ActiveCfg = Release|Win32
		{66C3DE3F-95BA-489B-8A2C-F01398DFFA0A}.Release|x86.Build.0 = Release|Win32
		{4BED8054-BA19-417C-BF7E-1C5A134136AA}.Debug|x64.ActiveCfg = Debug|x64
		{4BED8054-BA19-417C-BF7E-1C5A134136AA}.Debug|x64.Build.0 = Debug|x64
		{4BED8054-BA19-417C-BF7E-1C5A134136AA}.Debug|x86.ActiveCfg = Debug|Win32
		{4BED8054-BA19-417C-BF7E-1C5A134136AA}.Debug|x86.Build.0 = Debug|Win32
		{4BED8054-BA19-417C-BF7E-1C5A134136AA}.Release|x64.ActiveCfg = Release|x64
		{4BED8054-BA19-417C-BF7E-1C5A134136AA}.Release|x64.Build.0 = Release|x64
		{4BED8054-BA19-417C-BF7E-1C5A134136AA}.Release|x86.ActiveCfg = Release|Win32
		{4BED8054-BA19-417C-BF7E-1C5A134136AA}.Release|x86.Build.0 = Release|Win32
		{D9115FBE-E1D7-4702-BE83-718C01C317E4}.Debug|x64.ActiveCfg = Debug|x64
		{D9115FBE-E1D7-4702-BE83-718C01C317E4}.Debug|x64.Build.0 = Debug|x64
		{D9115FBE-E1D7-4702-BE83-718C01C317E4}.Debug|x86.ActiveCfg = Debug|Win32
		{D9115FBE-E1D7-4702-BE83-718C01C317E4}.Debug|x86.Build.0 = Debug|Win32
		{D9115FBE-E1D7-4702-BE83-718C01C317E4}.Release|x64.ActiveCfg = Release|x64
		{D9115FBE-E1D7-4702-BE83-718C01C317E4}.Release|x64.Build.0 = Release|x64
		{D9115FBE-E1D7-4702-BE83-718C01C317E4}.Release|x86.ActiveCfg = Release|Win32
		{D9115FBE-E1D7-4702-BE83-718C01C317E4}.Release|x86.Build.0 = Release|Win32
		{BF21E062-F251-4AC1-B6C2-31FAA14E905D}.Debug|x64.ActiveCfg = Debug|x64
		{BF21E062-F251-4AC1-B6C2-31FAA14E905D}.Debug|x64.Build.0 = Debug|x64
		{BF21E062-F251-4AC1-B6C2-31FAA14E905D}.Debug|x86.ActiveCfg = Debug|Win32
		{BF21E062-F251-4AC1-B6C2-31FAA14E905D}.Debug|x86.Build.0 = Debug|Win32
		{BF21E062-F251-4AC1-B6C2-31FAA14E905D}.Release|x64.ActiveCfg = Release|x64
		{BF21E062-F251-4AC1-B6C2-31FAA14E905D}.Release|x64.Build.0 = Release|x64
		{BF21E062-F251-4AC1-B6C2-31FAA14E905D}.Release|x86.ActiveCfg = Release|Win32
		{BF21E062-F251-4AC1-B6C2-31FAA14E905D}.Release|x86.Build.0 = Release|Win32
		{90748881-5CB8-41B5-9E47-DE01891591B8}.Debug|x64.ActiveCfg = Debug|x64
		{90748881-5CB8-41B5-9E47-DE01891591B8}.Debug|x64.Build.0 = Debug|x64
		{90748881-5CB8-41B5-9E47-DE01891591B8}.Debug|x86.ActiveCfg = Debug|Win32
		{90748881-5CB8-41B5-9E47-DE01891591B8}.Debug|x86.Build.0 = Debug|Win32
		{90748881-5CB8-41B5-9E47-DE01891591B8}.Release|x64.ActiveCfg = Release|x64
		{90748881-5CB8-41B5-9E47-DE01891591B8}.Release|x64.Build.0 = Release|x64
		{90748881-5CB8-41B5-9E47-DE01891591B8}.Release|x86.ActiveCfg = Release|Win32
		{90748881-5CB8-41B5-9E47-DE01891591B8}.Release|x86.Build.0 = Release|Win32
		{84E67167-B9BA-430A-9F97-0ABBBC7B1760}.Debug|x64.ActiveCfg = Debug|x64
		{84E67167-B9BA-430A-9F97-0ABBBC7B1760}.Debug|x64.Build.0 = Debug|x64
		{84E67167-B9BA-430A-9F97-0ABBBC7B1760}.Debug|x86.ActiveCfg = Debug|Win32
		{84E67167-B9BA-430A-9F97-0ABBBC7B1760}.Debug|x86.Build.0 = Debug|Win32
		{84E67167-B9BA-430A-9F97-0ABBBC7B1760}.Release|x64.ActiveCfg = Release|x64
		{84E67167-B9BA-430A-9F97-0ABBBC7B1760}.Release|x64.Build.0 = Release|x64
		{84E67167-B9BA-430A-9F97-0ABBBC7B1760}.Release|x86.ActiveCfg = Release|Win32
		{84E67167-B9BA-430A-9F97-0ABBBC7B1760}.Release|x86.Build.0 = Release|Win32
		{D912393D-3F0F-4B56-9A99-F0CE309D21F4}.Debug|x64.ActiveCfg = Debug|x64
		{D912393D-3F0F-4B56-9A99-F0CE309D21F4}.Debug|x64.Build.0 = Debug|x64
		{D912393D-3F0F-4B56-9A99-F0CE309D21F4}.Debug|x86.ActiveCfg = Debug|Win32
		{D912393D-3F0F-4B56-9A99-F0CE309D21F4}.Debug|x86.Build.0 = Debug|Win32
		{D912393D-3F0F-4B56-9A99-F0CE309D21F4}.Release|x64.ActiveCfg = Release|x64
		{D912393D-3F0F-4B56-9A99-F0CE309D21F4}.Release|x64.Build.0 = Release|x64
		{D912393D-3F0F-4B56-9A99-F0CE309D21F4}.Release|x86.ActiveCfg = Release|Win32
		{D912393D-3F0F-4B56-9A99-F0CE309D21F4}.Release|x86.Build.0 = Release|Win32
		{14A0397A-4AEB-454C-BB61-8B8078DD5359}.Debug|x64.ActiveCfg = Debug|x64
		{14A0397A-4AEB-454C-BB61-8B8078DD5359}.Debug|x64.Build.0 = Debug|x64
		{14A0397A-4AEB-454C-BB61-8B8078DD5359}.Debug|x86.ActiveCfg = Debug|Win32
		{14A0397A-4AEB-454C-BB61-8B8078DD5359}.Debug|x86.Build.0 = Debug|Win32
		{14A0397A-4AEB-454C-BB61-8B8078DD5359}.Release|x64.ActiveCfg = Release|x64
		{14A0397A-4AEB-454C-BB61-8B8078DD5359}.Release|x64.Build.0 = Release|x64
		{14A0397A-4AEB-454C-BB61-8B8078DD5359}.Release|x86.ActiveCfg = Release|Win32
		{14A0397A-4AEB-454C-BB61-8B8078DD5359}.Release|x86.Build.0 = Release|Win32
		{CB6175BC-5AFD-4D91-82D4-59A2735AFA0A}.Debug|x64.ActiveCfg = Debug|x64
		{CB6175BC-5AFD-4D91-82D4-59A2735AFA0A}.Debug|x64.Build.0 = Debug|x64
		{CB6175BC-5AFD-4D91-82D4-59A2735AFA0A}.Debug|x86.ActiveCfg = Debug|Win32
		{CB6175BC-5AFD-4D91-82D4-59A2735AFA0A}.Debug|x86.Build.0 = Debug|Win32
		{CB6175BC-5AFD-4D91-82D4-59A2735AFA0A}.Release|x64.ActiveCfg = Release|x64
		{CB6175BC-5AFD-4D91-82D4-59A2735AFA0A}.Release|x64.Build.0 = Release|x64
		{CB6175BC-5AFD-4D91-82D4-59A2735AFA0A}.Release|x86.ActiveCfg = Release|Win32
		{CB6175BC-5AFD-4D91-82D4-59A2735AFA0A}.Release|x86.Build.0 = Release|Win32
		{8E230746-46C5-4894-8253-9206F26EADDC}.Debug|x64.ActiveCfg = Debug|x64
		{8E230746-46C5-4894-8253-9206F26EADDC}.Debug|x64.Build.0 = Debug|x64
		{8E230746-46C5-4894-8253-9206F26EADDC}.Debug|x86.ActiveCfg = Debug|Win32
		{8E230746-46C5-4894-8253-9206F26EADDC}.Debug|x86.Build.0 = Debug|Win32
		{8E230746-46C5-4894-8253-9206F26EADDC}.Release|x64.ActiveCfg = Release|x64
		{8E230746-46C5-4894-8253-9206F26EADDC}.Release|x64.Build.0 = Release|x64
		{8E230746-46C5-4894-8253-9206F26EADDC}.Release|x86.ActiveCfg = Release|Win32
		{8E230746-46C5-4894-8253-9206F26EADDC}.Release|x86.Build.0 = Release|Win32
		{BA808A20-557B-49A0-87BE-A3F1FDC3BAEB}.Debug|x64.ActiveCfg = Debug|x64
		{BA808A20-557B-49A0-87BE-A3F1FDC3BAEB}.Debug|x64.Build.0 = Debug|x64
		{BA808A20-557B-49A0-87BE-A3F1FDC3BAEB}.Debug|x86.ActiveCfg = Debug|Win32
		{BA808A20-557B-49A0-87BE-A3F1FDC3BAEB}.Debug|x86.Build.0 = Debug|Win32
		{BA808A20-557B-49A0-87BE-A3F1FDC3BAEB}.Release|x64.ActiveCfg = Release|x64
		{BA808A20-557B-49A0-87BE-A3F1FDC3BAEB}.Release|x64.Build.0 = Release|x64
		{BA808A20-557B-49A0-87BE-A3F1FDC3BAEB}.Release|x86.ActiveCfg = Release|Win32
		{BA808A20-557B-49A0-87BE-A3F1FDC3BAEB}.Release|x86.Build.0 = Release|Win32
		{5C467C31-6711-4CEF-957A-DD4FEDA6DA3E}.Debug|x64.ActiveCfg = Debug|x64
		{5C467C31-6711-4CEF-957A-DD4FEDA6DA3E}.Debug|x64.Build.0 = Debug|x64
		{5C467C31-6711-4CEF-957A-DD4FEDA6DA3E}.Debug|x86.ActiveCfg = Debug|Win32
		{5C467C31-6711-4CEF-957A-DD4FEDA6DA3E}.Debug|x86.Build.0 = Debug|Win32
		{5C467C31-6711-4CEF-957A-DD4FEDA6DA3E}.Release|x64.ActiveCfg = Release|x64
		{5C467C31-6711-4CEF-957A-DD4FEDA6DA3E}.Release|x64.Build.0 = Release|x64
		{5C467C31-6711-4CEF-957A-DD4FEDA6DA3E}.Release|x86.ActiveCfg = Release|Win32
		{5C467C31-6711-4CEF-957A-DD4FEDA6DA3E}.Release|x86.Build.0 = Release|Win32
		{9C6D4A20-DFC6-40CB-9508-7B2D236959A1}.Debug|x64.ActiveCfg = Debug|x64
		{9C6D4A20-DFC6-40CB-9508-7B2D236959A1}.Debug|x64.Build.0 = Debug|x64
		{9C6D4A20-DFC6-40CB-9508-7B2D236959A1}.Debug|x86.ActiveCfg = Debug|Win32
		{9C6D4A20-DFC6-40CB-9508-7B2D236959A1}.Debug|x86.Build.0 = Debug|Win32
		{9C6D4A20-DFC6-40CB-9508-7B2D236959A1}.Release|x64.ActiveCfg = Release|x64
		{9C6D4A20-DFC6-40CB-9508-7B2D236959A1}.Release|x64.Build.0 = Release|x64
		{9C6D4A20-DFC6-40CB-9508-7B2D236959A1}.Release|x86.ActiveCfg = Release|Win32
		{9C6D4A20-DFC6-40CB-9508-7B2D236959A1}.Release|x86.Build.0 = Release|Win32
	EndGlobalSection
	GlobalSection(SolutionProperties) = preSolution
		HideSolutionNode = FALSE
	EndGlobalSection
	GlobalSection(ExtensibilityGlobals) = postSolution
		SolutionGuid = {CE1B568D-817C-46D6-B137-77E7913B71CE}
	EndGlobalSection
EndGlobal
